// !$*UTF8*$!
{
	archiveVersion = 1;
	classes = {
	};
	objectVersion = 54;
	objects = {

/* Begin PBXBuildFile section */
		00E356F31AD99517003FC87E /* ONDCReferenceBuyerAppTests.m in Sources */ = {isa = PBXBuildFile; fileRef = 00E356F21AD99517003FC87E /* ONDCReferenceBuyerAppTests.m */; };
		03F88B49496F04C103149C98 /* libPods-ONDCReferenceBuyerApp-ONDCReferenceBuyerAppPreprod.a in Frameworks */ = {isa = PBXBuildFile; fileRef = D798066BB0F383720338E96C /* libPods-ONDCReferenceBuyerApp-ONDCReferenceBuyerAppPreprod.a */; };
		0C80B921A6F3F58F76C31292 /* (null) in Frameworks */ = {isa = PBXBuildFile; };
		13B07FBC1A68108700A75B9A /* AppDelegate.mm in Sources */ = {isa = PBXBuildFile; fileRef = 13B07FB01A68108700A75B9A /* AppDelegate.mm */; };
		13B07FBF1A68108700A75B9A /* Images.xcassets in Resources */ = {isa = PBXBuildFile; fileRef = 13B07FB51A68108700A75B9A /* Images.xcassets */; };
		13B07FC11A68108700A75B9A /* main.m in Sources */ = {isa = PBXBuildFile; fileRef = 13B07FB71A68108700A75B9A /* main.m */; };
		1AAB4DA45384447DA2F120DA /* Inter-Regular.ttf in Resources */ = {isa = PBXBuildFile; fileRef = D96A77FB7F41417BA0585F34 /* Inter-Regular.ttf */; };
		2DFE650089FDED0883F84BCB /* libPods-ONDCReferenceBuyerApp-ONDCReferenceBuyerAppDevelopment.a in Frameworks */ = {isa = PBXBuildFile; fileRef = D77558754692151DD04F1A73 /* libPods-ONDCReferenceBuyerApp-ONDCReferenceBuyerAppDevelopment.a */; };
		3C691C45B876634A6074FF00 /* libPods-ONDCReferenceBuyerApp-ONDCReferenceBuyerAppStaging.a in Frameworks */ = {isa = PBXBuildFile; fileRef = 52C7FBF715D59C1D7E2CC65C /* libPods-ONDCReferenceBuyerApp-ONDCReferenceBuyerAppStaging.a */; };
		68F5EDC87EE046E1BF718EF4 /* Inter-Medium.ttf in Resources */ = {isa = PBXBuildFile; fileRef = 44630C48D1684C6088D3585B /* Inter-Medium.ttf */; };
		71638D300D66D55473D5492F /* libPods-ONDCReferenceBuyerApp-ONDCReferenceBuyerAppTests.a in Frameworks */ = {isa = PBXBuildFile; fileRef = CCDC0E0A05629A59FD387D5F /* libPods-ONDCReferenceBuyerApp-ONDCReferenceBuyerAppTests.a */; };
		7396010D143594D089DA42A1 /* libPods-ONDCReferenceBuyerApp.a in Frameworks */ = {isa = PBXBuildFile; fileRef = 6267570888E19CDE175741CB /* libPods-ONDCReferenceBuyerApp.a */; };
		81274D213F9C42908B0B3865 /* Inter-SemiBold.ttf in Resources */ = {isa = PBXBuildFile; fileRef = E62E84F449B44D86B0FC3553 /* Inter-SemiBold.ttf */; };
		81AB9BB82411601600AC10FF /* LaunchScreen.storyboard in Resources */ = {isa = PBXBuildFile; fileRef = 81AB9BB72411601600AC10FF /* LaunchScreen.storyboard */; };
		8C914A8D2C443D1400D1CD1D /* AppDelegate.mm in Sources */ = {isa = PBXBuildFile; fileRef = 13B07FB01A68108700A75B9A /* AppDelegate.mm */; };
		8C914A8E2C443D1400D1CD1D /* main.m in Sources */ = {isa = PBXBuildFile; fileRef = 13B07FB71A68108700A75B9A /* main.m */; };
		8C914A922C443D1400D1CD1D /* LaunchScreen.storyboard in Resources */ = {isa = PBXBuildFile; fileRef = 81AB9BB72411601600AC10FF /* LaunchScreen.storyboard */; };
		8C914A942C443D1400D1CD1D /* Images.xcassets in Resources */ = {isa = PBXBuildFile; fileRef = 13B07FB51A68108700A75B9A /* Images.xcassets */; };
		8C914A952C443D1400D1CD1D /* Inter-Bold.ttf in Resources */ = {isa = PBXBuildFile; fileRef = 922FF88286E948DFB9D11C80 /* Inter-Bold.ttf */; };
		8C914A962C443D1400D1CD1D /* Inter-Medium.ttf in Resources */ = {isa = PBXBuildFile; fileRef = 44630C48D1684C6088D3585B /* Inter-Medium.ttf */; };
		8C914A972C443D1400D1CD1D /* Inter-Regular.ttf in Resources */ = {isa = PBXBuildFile; fileRef = D96A77FB7F41417BA0585F34 /* Inter-Regular.ttf */; };
		8C914A982C443D1400D1CD1D /* Inter-SemiBold.ttf in Resources */ = {isa = PBXBuildFile; fileRef = E62E84F449B44D86B0FC3553 /* Inter-SemiBold.ttf */; };
		8C914AA62C443D3700D1CD1D /* AppDelegate.mm in Sources */ = {isa = PBXBuildFile; fileRef = 13B07FB01A68108700A75B9A /* AppDelegate.mm */; };
		8C914AA72C443D3700D1CD1D /* main.m in Sources */ = {isa = PBXBuildFile; fileRef = 13B07FB71A68108700A75B9A /* main.m */; };
		8C914AAB2C443D3700D1CD1D /* LaunchScreen.storyboard in Resources */ = {isa = PBXBuildFile; fileRef = 81AB9BB72411601600AC10FF /* LaunchScreen.storyboard */; };
		8C914AAE2C443D3700D1CD1D /* Inter-Bold.ttf in Resources */ = {isa = PBXBuildFile; fileRef = 922FF88286E948DFB9D11C80 /* Inter-Bold.ttf */; };
		8C914AAF2C443D3700D1CD1D /* Inter-Medium.ttf in Resources */ = {isa = PBXBuildFile; fileRef = 44630C48D1684C6088D3585B /* Inter-Medium.ttf */; };
		8C914AB02C443D3700D1CD1D /* Inter-Regular.ttf in Resources */ = {isa = PBXBuildFile; fileRef = D96A77FB7F41417BA0585F34 /* Inter-Regular.ttf */; };
		8C914AB12C443D3700D1CD1D /* Inter-SemiBold.ttf in Resources */ = {isa = PBXBuildFile; fileRef = E62E84F449B44D86B0FC3553 /* Inter-SemiBold.ttf */; };
		8C914ABF2C443D3F00D1CD1D /* AppDelegate.mm in Sources */ = {isa = PBXBuildFile; fileRef = 13B07FB01A68108700A75B9A /* AppDelegate.mm */; };
		8C914AC02C443D3F00D1CD1D /* main.m in Sources */ = {isa = PBXBuildFile; fileRef = 13B07FB71A68108700A75B9A /* main.m */; };
		8C914AC42C443D3F00D1CD1D /* LaunchScreen.storyboard in Resources */ = {isa = PBXBuildFile; fileRef = 81AB9BB72411601600AC10FF /* LaunchScreen.storyboard */; };
		8C914AC62C443D3F00D1CD1D /* Images.xcassets in Resources */ = {isa = PBXBuildFile; fileRef = 13B07FB51A68108700A75B9A /* Images.xcassets */; };
		8C914AC72C443D3F00D1CD1D /* Inter-Bold.ttf in Resources */ = {isa = PBXBuildFile; fileRef = 922FF88286E948DFB9D11C80 /* Inter-Bold.ttf */; };
		8C914AC82C443D3F00D1CD1D /* Inter-Medium.ttf in Resources */ = {isa = PBXBuildFile; fileRef = 44630C48D1684C6088D3585B /* Inter-Medium.ttf */; };
		8C914AC92C443D3F00D1CD1D /* Inter-Regular.ttf in Resources */ = {isa = PBXBuildFile; fileRef = D96A77FB7F41417BA0585F34 /* Inter-Regular.ttf */; };
		8C914ACA2C443D3F00D1CD1D /* Inter-SemiBold.ttf in Resources */ = {isa = PBXBuildFile; fileRef = E62E84F449B44D86B0FC3553 /* Inter-SemiBold.ttf */; };
		8CC9A9A22C52950B002A63E8 /* GoogleService-Info.plist in Resources */ = {isa = PBXBuildFile; fileRef = 8CC9A9982C52950B002A63E8 /* GoogleService-Info.plist */; };
		8CC9A9A82C52950B002A63E8 /* GoogleService-Info.plist in Resources */ = {isa = PBXBuildFile; fileRef = 8CC9A99A2C52950B002A63E8 /* GoogleService-Info.plist */; };
		8CC9A9A92C52950B002A63E8 /* GoogleService-Info.plist in Resources */ = {isa = PBXBuildFile; fileRef = 8CC9A99C2C52950B002A63E8 /* GoogleService-Info.plist */; };
		8CC9A9AF2C52950B002A63E8 /* GoogleService-Info.plist in Resources */ = {isa = PBXBuildFile; fileRef = 8CC9A99E2C52950B002A63E8 /* GoogleService-Info.plist */; };
		FD2B627F2C7E46B1844F95D2 /* Inter-Bold.ttf in Resources */ = {isa = PBXBuildFile; fileRef = 922FF88286E948DFB9D11C80 /* Inter-Bold.ttf */; };
/* End PBXBuildFile section */

/* Begin PBXContainerItemProxy section */
		00E356F41AD99517003FC87E /* PBXContainerItemProxy */ = {
			isa = PBXContainerItemProxy;
			containerPortal = 83CBB9F71A601CBA00E9B192 /* Project object */;
			proxyType = 1;
			remoteGlobalIDString = 13B07F861A680F5B00A75B9A;
			remoteInfo = ONDCReferenceBuyerApp;
		};
/* End PBXContainerItemProxy section */

/* Begin PBXFileReference section */
		00E356EE1AD99517003FC87E /* ONDCReferenceBuyerAppTests.xctest */ = {isa = PBXFileReference; explicitFileType = wrapper.cfbundle; includeInIndex = 0; path = ONDCReferenceBuyerAppTests.xctest; sourceTree = BUILT_PRODUCTS_DIR; };
		00E356F11AD99517003FC87E /* Info.plist */ = {isa = PBXFileReference; lastKnownFileType = text.plist.xml; path = Info.plist; sourceTree = "<group>"; };
		00E356F21AD99517003FC87E /* ONDCReferenceBuyerAppTests.m */ = {isa = PBXFileReference; lastKnownFileType = sourcecode.c.objc; path = ONDCReferenceBuyerAppTests.m; sourceTree = "<group>"; };
		13B07F961A680F5B00A75B9A /* ONDCReferenceBuyerApp.app */ = {isa = PBXFileReference; explicitFileType = wrapper.application; includeInIndex = 0; path = ONDCReferenceBuyerApp.app; sourceTree = BUILT_PRODUCTS_DIR; };
		13B07FAF1A68108700A75B9A /* AppDelegate.h */ = {isa = PBXFileReference; fileEncoding = 4; lastKnownFileType = sourcecode.c.h; name = AppDelegate.h; path = ONDCReferenceBuyerApp/AppDelegate.h; sourceTree = "<group>"; };
		13B07FB01A68108700A75B9A /* AppDelegate.mm */ = {isa = PBXFileReference; fileEncoding = 4; lastKnownFileType = sourcecode.cpp.objcpp; name = AppDelegate.mm; path = ONDCReferenceBuyerApp/AppDelegate.mm; sourceTree = "<group>"; };
		13B07FB51A68108700A75B9A /* Images.xcassets */ = {isa = PBXFileReference; lastKnownFileType = folder.assetcatalog; name = Images.xcassets; path = ONDCReferenceBuyerApp/Images.xcassets; sourceTree = "<group>"; };
		13B07FB61A68108700A75B9A /* Info.plist */ = {isa = PBXFileReference; fileEncoding = 4; lastKnownFileType = text.plist.xml; name = Info.plist; path = ONDCReferenceBuyerApp/Info.plist; sourceTree = "<group>"; };
		13B07FB71A68108700A75B9A /* main.m */ = {isa = PBXFileReference; fileEncoding = 4; lastKnownFileType = sourcecode.c.objc; name = main.m; path = ONDCReferenceBuyerApp/main.m; sourceTree = "<group>"; };
		1878766E7FC69FC444B04F42 /* Pods-ONDCReferenceBuyerApp-ONDCReferenceBuyerAppStaging.release.xcconfig */ = {isa = PBXFileReference; includeInIndex = 1; lastKnownFileType = text.xcconfig; name = "Pods-ONDCReferenceBuyerApp-ONDCReferenceBuyerAppStaging.release.xcconfig"; path = "Target Support Files/Pods-ONDCReferenceBuyerApp-ONDCReferenceBuyerAppStaging/Pods-ONDCReferenceBuyerApp-ONDCReferenceBuyerAppStaging.release.xcconfig"; sourceTree = "<group>"; };
		321314CF76FB6EF8D54A42D0 /* Pods-ONDCReferenceBuyerApp-ONDCReferenceBuyerAppStaging.debug.xcconfig */ = {isa = PBXFileReference; includeInIndex = 1; lastKnownFileType = text.xcconfig; name = "Pods-ONDCReferenceBuyerApp-ONDCReferenceBuyerAppStaging.debug.xcconfig"; path = "Target Support Files/Pods-ONDCReferenceBuyerApp-ONDCReferenceBuyerAppStaging/Pods-ONDCReferenceBuyerApp-ONDCReferenceBuyerAppStaging.debug.xcconfig"; sourceTree = "<group>"; };
		38172BB61A41132DED6AFB00 /* Pods-ONDCReferenceBuyerApp-ONDCReferenceBuyerAppPreprod.release.xcconfig */ = {isa = PBXFileReference; includeInIndex = 1; lastKnownFileType = text.xcconfig; name = "Pods-ONDCReferenceBuyerApp-ONDCReferenceBuyerAppPreprod.release.xcconfig"; path = "Target Support Files/Pods-ONDCReferenceBuyerApp-ONDCReferenceBuyerAppPreprod/Pods-ONDCReferenceBuyerApp-ONDCReferenceBuyerAppPreprod.release.xcconfig"; sourceTree = "<group>"; };
		3BA9F8A774D59952CCF969E1 /* Pods-ONDCReferenceBuyerApp-ONDCReferenceBuyerAppTests.release.xcconfig */ = {isa = PBXFileReference; includeInIndex = 1; lastKnownFileType = text.xcconfig; name = "Pods-ONDCReferenceBuyerApp-ONDCReferenceBuyerAppTests.release.xcconfig"; path = "Target Support Files/Pods-ONDCReferenceBuyerApp-ONDCReferenceBuyerAppTests/Pods-ONDCReferenceBuyerApp-ONDCReferenceBuyerAppTests.release.xcconfig"; sourceTree = "<group>"; };
		44630C48D1684C6088D3585B /* Inter-Medium.ttf */ = {isa = PBXFileReference; explicitFileType = undefined; fileEncoding = 9; includeInIndex = 0; lastKnownFileType = unknown; name = "Inter-Medium.ttf"; path = "../assets/fonts/Inter-Medium.ttf"; sourceTree = "<group>"; };
		52C7FBF715D59C1D7E2CC65C /* libPods-ONDCReferenceBuyerApp-ONDCReferenceBuyerAppStaging.a */ = {isa = PBXFileReference; explicitFileType = archive.ar; includeInIndex = 0; path = "libPods-ONDCReferenceBuyerApp-ONDCReferenceBuyerAppStaging.a"; sourceTree = BUILT_PRODUCTS_DIR; };
		6267570888E19CDE175741CB /* libPods-ONDCReferenceBuyerApp.a */ = {isa = PBXFileReference; explicitFileType = archive.ar; includeInIndex = 0; path = "libPods-ONDCReferenceBuyerApp.a"; sourceTree = BUILT_PRODUCTS_DIR; };
		6DDEF73F124F388511FA8AF7 /* Pods-ONDCReferenceBuyerApp-ONDCReferenceBuyerAppTests.debug.xcconfig */ = {isa = PBXFileReference; includeInIndex = 1; lastKnownFileType = text.xcconfig; name = "Pods-ONDCReferenceBuyerApp-ONDCReferenceBuyerAppTests.debug.xcconfig"; path = "Target Support Files/Pods-ONDCReferenceBuyerApp-ONDCReferenceBuyerAppTests/Pods-ONDCReferenceBuyerApp-ONDCReferenceBuyerAppTests.debug.xcconfig"; sourceTree = "<group>"; };
		6EF55DC9AAB79F1CE44375B6 /* Pods-ONDCReferenceBuyerApp-ONDCReferenceBuyerAppPreprod.debug.xcconfig */ = {isa = PBXFileReference; includeInIndex = 1; lastKnownFileType = text.xcconfig; name = "Pods-ONDCReferenceBuyerApp-ONDCReferenceBuyerAppPreprod.debug.xcconfig"; path = "Target Support Files/Pods-ONDCReferenceBuyerApp-ONDCReferenceBuyerAppPreprod/Pods-ONDCReferenceBuyerApp-ONDCReferenceBuyerAppPreprod.debug.xcconfig"; sourceTree = "<group>"; };
		718506D6C1C09DDF36D32F48 /* Pods-ONDCReferenceBuyerApp-ONDCReferenceBuyerAppDevelopment.debug.xcconfig */ = {isa = PBXFileReference; includeInIndex = 1; lastKnownFileType = text.xcconfig; name = "Pods-ONDCReferenceBuyerApp-ONDCReferenceBuyerAppDevelopment.debug.xcconfig"; path = "Target Support Files/Pods-ONDCReferenceBuyerApp-ONDCReferenceBuyerAppDevelopment/Pods-ONDCReferenceBuyerApp-ONDCReferenceBuyerAppDevelopment.debug.xcconfig"; sourceTree = "<group>"; };
		81AB9BB72411601600AC10FF /* LaunchScreen.storyboard */ = {isa = PBXFileReference; fileEncoding = 4; lastKnownFileType = file.storyboard; name = LaunchScreen.storyboard; path = ONDCReferenceBuyerApp/LaunchScreen.storyboard; sourceTree = "<group>"; };
		8C5D6DB12C64857D004BD264 /* ONDCReferenceBuyerApp.entitlements */ = {isa = PBXFileReference; lastKnownFileType = text.plist.entitlements; name = ONDCReferenceBuyerApp.entitlements; path = ONDCReferenceBuyerApp/ONDCReferenceBuyerApp.entitlements; sourceTree = "<group>"; };
		8C914AA02C443D1400D1CD1D /* ONDCReferenceBuyerAppDevelopment.app */ = {isa = PBXFileReference; explicitFileType = wrapper.application; includeInIndex = 0; path = ONDCReferenceBuyerAppDevelopment.app; sourceTree = BUILT_PRODUCTS_DIR; };
		8C914AA12C443D1400D1CD1D /* ONDCReferenceBuyerAppDevelopment-Info.plist */ = {isa = PBXFileReference; lastKnownFileType = text.plist.xml; name = "ONDCReferenceBuyerAppDevelopment-Info.plist"; path = "/Users/punit/dev/ondc/ONDC-Mobile-Buyer-App/ios/ONDCReferenceBuyerAppDevelopment-Info.plist"; sourceTree = "<absolute>"; };
		8C914AB92C443D3700D1CD1D /* ONDCReferenceBuyerAppStaging.app */ = {isa = PBXFileReference; explicitFileType = wrapper.application; includeInIndex = 0; path = ONDCReferenceBuyerAppStaging.app; sourceTree = BUILT_PRODUCTS_DIR; };
		8C914ABA2C443D3700D1CD1D /* ONDCReferenceBuyerAppStaging-Info.plist */ = {isa = PBXFileReference; lastKnownFileType = text.plist.xml; name = "ONDCReferenceBuyerAppStaging-Info.plist"; path = "/Users/punit/dev/ondc/ONDC-Mobile-Buyer-App/ios/ONDCReferenceBuyerAppStaging-Info.plist"; sourceTree = "<absolute>"; };
		8C914AD22C443D3F00D1CD1D /* ONDCReferenceBuyerAppPreprod.app */ = {isa = PBXFileReference; explicitFileType = wrapper.application; includeInIndex = 0; path = ONDCReferenceBuyerAppPreprod.app; sourceTree = BUILT_PRODUCTS_DIR; };
		8C914AD32C443D3F00D1CD1D /* ONDCReferenceBuyerAppPreprod-Info.plist */ = {isa = PBXFileReference; lastKnownFileType = text.plist.xml; name = "ONDCReferenceBuyerAppPreprod-Info.plist"; path = "/Users/punit/dev/ondc/ONDC-Mobile-Buyer-App/ios/ONDCReferenceBuyerAppPreprod-Info.plist"; sourceTree = "<absolute>"; };
		8CC9A9982C52950B002A63E8 /* GoogleService-Info.plist */ = {isa = PBXFileReference; fileEncoding = 4; lastKnownFileType = text.plist.xml; path = "GoogleService-Info.plist"; sourceTree = "<group>"; };
		8CC9A99A2C52950B002A63E8 /* GoogleService-Info.plist */ = {isa = PBXFileReference; fileEncoding = 4; lastKnownFileType = text.plist.xml; path = "GoogleService-Info.plist"; sourceTree = "<group>"; };
		8CC9A99C2C52950B002A63E8 /* GoogleService-Info.plist */ = {isa = PBXFileReference; fileEncoding = 4; lastKnownFileType = text.plist.xml; path = "GoogleService-Info.plist"; sourceTree = "<group>"; };
		8CC9A99E2C52950B002A63E8 /* GoogleService-Info.plist */ = {isa = PBXFileReference; fileEncoding = 4; lastKnownFileType = text.plist.xml; path = "GoogleService-Info.plist"; sourceTree = "<group>"; };
		922FF88286E948DFB9D11C80 /* Inter-Bold.ttf */ = {isa = PBXFileReference; explicitFileType = undefined; fileEncoding = 9; includeInIndex = 0; lastKnownFileType = unknown; name = "Inter-Bold.ttf"; path = "../assets/fonts/Inter-Bold.ttf"; sourceTree = "<group>"; };
		CCDC0E0A05629A59FD387D5F /* libPods-ONDCReferenceBuyerApp-ONDCReferenceBuyerAppTests.a */ = {isa = PBXFileReference; explicitFileType = archive.ar; includeInIndex = 0; path = "libPods-ONDCReferenceBuyerApp-ONDCReferenceBuyerAppTests.a"; sourceTree = BUILT_PRODUCTS_DIR; };
		CD8296B8229636B61965B378 /* Pods-ONDCReferenceBuyerApp.release.xcconfig */ = {isa = PBXFileReference; includeInIndex = 1; lastKnownFileType = text.xcconfig; name = "Pods-ONDCReferenceBuyerApp.release.xcconfig"; path = "Target Support Files/Pods-ONDCReferenceBuyerApp/Pods-ONDCReferenceBuyerApp.release.xcconfig"; sourceTree = "<group>"; };
		D77558754692151DD04F1A73 /* libPods-ONDCReferenceBuyerApp-ONDCReferenceBuyerAppDevelopment.a */ = {isa = PBXFileReference; explicitFileType = archive.ar; includeInIndex = 0; path = "libPods-ONDCReferenceBuyerApp-ONDCReferenceBuyerAppDevelopment.a"; sourceTree = BUILT_PRODUCTS_DIR; };
		D798066BB0F383720338E96C /* libPods-ONDCReferenceBuyerApp-ONDCReferenceBuyerAppPreprod.a */ = {isa = PBXFileReference; explicitFileType = archive.ar; includeInIndex = 0; path = "libPods-ONDCReferenceBuyerApp-ONDCReferenceBuyerAppPreprod.a"; sourceTree = BUILT_PRODUCTS_DIR; };
		D96A77FB7F41417BA0585F34 /* Inter-Regular.ttf */ = {isa = PBXFileReference; explicitFileType = undefined; fileEncoding = 9; includeInIndex = 0; lastKnownFileType = unknown; name = "Inter-Regular.ttf"; path = "../assets/fonts/Inter-Regular.ttf"; sourceTree = "<group>"; };
		DD4A1D37DB7CE9334223E173 /* Pods-ONDCReferenceBuyerApp-ONDCReferenceBuyerAppDevelopment.release.xcconfig */ = {isa = PBXFileReference; includeInIndex = 1; lastKnownFileType = text.xcconfig; name = "Pods-ONDCReferenceBuyerApp-ONDCReferenceBuyerAppDevelopment.release.xcconfig"; path = "Target Support Files/Pods-ONDCReferenceBuyerApp-ONDCReferenceBuyerAppDevelopment/Pods-ONDCReferenceBuyerApp-ONDCReferenceBuyerAppDevelopment.release.xcconfig"; sourceTree = "<group>"; };
		E0EFC5572CCBC77172308880 /* Pods-ONDCReferenceBuyerApp.debug.xcconfig */ = {isa = PBXFileReference; includeInIndex = 1; lastKnownFileType = text.xcconfig; name = "Pods-ONDCReferenceBuyerApp.debug.xcconfig"; path = "Target Support Files/Pods-ONDCReferenceBuyerApp/Pods-ONDCReferenceBuyerApp.debug.xcconfig"; sourceTree = "<group>"; };
		E62E84F449B44D86B0FC3553 /* Inter-SemiBold.ttf */ = {isa = PBXFileReference; explicitFileType = undefined; fileEncoding = 9; includeInIndex = 0; lastKnownFileType = unknown; name = "Inter-SemiBold.ttf"; path = "../assets/fonts/Inter-SemiBold.ttf"; sourceTree = "<group>"; };
		ED297162215061F000B7C4FE /* JavaScriptCore.framework */ = {isa = PBXFileReference; lastKnownFileType = wrapper.framework; name = JavaScriptCore.framework; path = System/Library/Frameworks/JavaScriptCore.framework; sourceTree = SDKROOT; };
/* End PBXFileReference section */

/* Begin PBXFrameworksBuildPhase section */
		00E356EB1AD99517003FC87E /* Frameworks */ = {
			isa = PBXFrameworksBuildPhase;
			buildActionMask = 2147483647;
			files = (
				71638D300D66D55473D5492F /* libPods-ONDCReferenceBuyerApp-ONDCReferenceBuyerAppTests.a in Frameworks */,
			);
			runOnlyForDeploymentPostprocessing = 0;
		};
		13B07F8C1A680F5B00A75B9A /* Frameworks */ = {
			isa = PBXFrameworksBuildPhase;
			buildActionMask = 2147483647;
			files = (
				0C80B921A6F3F58F76C31292 /* (null) in Frameworks */,
				7396010D143594D089DA42A1 /* libPods-ONDCReferenceBuyerApp.a in Frameworks */,
			);
			runOnlyForDeploymentPostprocessing = 0;
		};
		8C914A8F2C443D1400D1CD1D /* Frameworks */ = {
			isa = PBXFrameworksBuildPhase;
			buildActionMask = 2147483647;
			files = (
				2DFE650089FDED0883F84BCB /* libPods-ONDCReferenceBuyerApp-ONDCReferenceBuyerAppDevelopment.a in Frameworks */,
			);
			runOnlyForDeploymentPostprocessing = 0;
		};
		8C914AA82C443D3700D1CD1D /* Frameworks */ = {
			isa = PBXFrameworksBuildPhase;
			buildActionMask = 2147483647;
			files = (
				3C691C45B876634A6074FF00 /* libPods-ONDCReferenceBuyerApp-ONDCReferenceBuyerAppStaging.a in Frameworks */,
			);
			runOnlyForDeploymentPostprocessing = 0;
		};
		8C914AC12C443D3F00D1CD1D /* Frameworks */ = {
			isa = PBXFrameworksBuildPhase;
			buildActionMask = 2147483647;
			files = (
				03F88B49496F04C103149C98 /* libPods-ONDCReferenceBuyerApp-ONDCReferenceBuyerAppPreprod.a in Frameworks */,
			);
			runOnlyForDeploymentPostprocessing = 0;
		};
/* End PBXFrameworksBuildPhase section */

/* Begin PBXGroup section */
		00E356EF1AD99517003FC87E /* ONDCReferenceBuyerAppTests */ = {
			isa = PBXGroup;
			children = (
				00E356F21AD99517003FC87E /* ONDCReferenceBuyerAppTests.m */,
				00E356F01AD99517003FC87E /* Supporting Files */,
			);
			path = ONDCReferenceBuyerAppTests;
			sourceTree = "<group>";
		};
		00E356F01AD99517003FC87E /* Supporting Files */ = {
			isa = PBXGroup;
			children = (
				00E356F11AD99517003FC87E /* Info.plist */,
			);
			name = "Supporting Files";
			sourceTree = "<group>";
		};
		13B07FAE1A68108700A75B9A /* ONDCReferenceBuyerApp */ = {
			isa = PBXGroup;
			children = (
				8C5D6DB12C64857D004BD264 /* ONDCReferenceBuyerApp.entitlements */,
				8CC9A9A02C52950B002A63E8 /* Firebase */,
				13B07FAF1A68108700A75B9A /* AppDelegate.h */,
				13B07FB01A68108700A75B9A /* AppDelegate.mm */,
				13B07FB51A68108700A75B9A /* Images.xcassets */,
				13B07FB61A68108700A75B9A /* Info.plist */,
				81AB9BB72411601600AC10FF /* LaunchScreen.storyboard */,
				13B07FB71A68108700A75B9A /* main.m */,
			);
			name = ONDCReferenceBuyerApp;
			sourceTree = "<group>";
		};
		2D16E6871FA4F8E400B85C8A /* Frameworks */ = {
			isa = PBXGroup;
			children = (
				ED297162215061F000B7C4FE /* JavaScriptCore.framework */,
				6267570888E19CDE175741CB /* libPods-ONDCReferenceBuyerApp.a */,
				CCDC0E0A05629A59FD387D5F /* libPods-ONDCReferenceBuyerApp-ONDCReferenceBuyerAppTests.a */,
				D77558754692151DD04F1A73 /* libPods-ONDCReferenceBuyerApp-ONDCReferenceBuyerAppDevelopment.a */,
				D798066BB0F383720338E96C /* libPods-ONDCReferenceBuyerApp-ONDCReferenceBuyerAppPreprod.a */,
				52C7FBF715D59C1D7E2CC65C /* libPods-ONDCReferenceBuyerApp-ONDCReferenceBuyerAppStaging.a */,
			);
			name = Frameworks;
			sourceTree = "<group>";
		};
		832341AE1AAA6A7D00B99B32 /* Libraries */ = {
			isa = PBXGroup;
			children = (
			);
			name = Libraries;
			sourceTree = "<group>";
		};
		83CBB9F61A601CBA00E9B192 = {
			isa = PBXGroup;
			children = (
				13B07FAE1A68108700A75B9A /* ONDCReferenceBuyerApp */,
				832341AE1AAA6A7D00B99B32 /* Libraries */,
				00E356EF1AD99517003FC87E /* ONDCReferenceBuyerAppTests */,
				83CBBA001A601CBA00E9B192 /* Products */,
				2D16E6871FA4F8E400B85C8A /* Frameworks */,
				BBD78D7AC51CEA395F1C20DB /* Pods */,
				B0DD75C6C0B84D748B407B5B /* Resources */,
				8C914AA12C443D1400D1CD1D /* ONDCReferenceBuyerAppDevelopment-Info.plist */,
				8C914ABA2C443D3700D1CD1D /* ONDCReferenceBuyerAppStaging-Info.plist */,
				8C914AD32C443D3F00D1CD1D /* ONDCReferenceBuyerAppPreprod-Info.plist */,
			);
			indentWidth = 2;
			sourceTree = "<group>";
			tabWidth = 2;
			usesTabs = 0;
		};
		83CBBA001A601CBA00E9B192 /* Products */ = {
			isa = PBXGroup;
			children = (
				13B07F961A680F5B00A75B9A /* ONDCReferenceBuyerApp.app */,
				00E356EE1AD99517003FC87E /* ONDCReferenceBuyerAppTests.xctest */,
				8C914AA02C443D1400D1CD1D /* ONDCReferenceBuyerAppDevelopment.app */,
				8C914AB92C443D3700D1CD1D /* ONDCReferenceBuyerAppStaging.app */,
				8C914AD22C443D3F00D1CD1D /* ONDCReferenceBuyerAppPreprod.app */,
			);
			name = Products;
			sourceTree = "<group>";
		};
		8CC9A9992C52950B002A63E8 /* Development */ = {
			isa = PBXGroup;
			children = (
				8CC9A9982C52950B002A63E8 /* GoogleService-Info.plist */,
			);
			path = Development;
			sourceTree = "<group>";
		};
		8CC9A99B2C52950B002A63E8 /* Preprod */ = {
			isa = PBXGroup;
			children = (
				8CC9A99A2C52950B002A63E8 /* GoogleService-Info.plist */,
			);
			path = Preprod;
			sourceTree = "<group>";
		};
		8CC9A99D2C52950B002A63E8 /* Production */ = {
			isa = PBXGroup;
			children = (
				8CC9A99C2C52950B002A63E8 /* GoogleService-Info.plist */,
			);
			path = Production;
			sourceTree = "<group>";
		};
		8CC9A99F2C52950B002A63E8 /* Staging */ = {
			isa = PBXGroup;
			children = (
				8CC9A99E2C52950B002A63E8 /* GoogleService-Info.plist */,
			);
			path = Staging;
			sourceTree = "<group>";
		};
		8CC9A9A02C52950B002A63E8 /* Firebase */ = {
			isa = PBXGroup;
			children = (
				8CC9A9992C52950B002A63E8 /* Development */,
				8CC9A99B2C52950B002A63E8 /* Preprod */,
				8CC9A99D2C52950B002A63E8 /* Production */,
				8CC9A99F2C52950B002A63E8 /* Staging */,
			);
			name = Firebase;
			path = ONDCReferenceBuyerApp/Firebase;
			sourceTree = "<group>";
		};
		B0DD75C6C0B84D748B407B5B /* Resources */ = {
			isa = PBXGroup;
			children = (
				922FF88286E948DFB9D11C80 /* Inter-Bold.ttf */,
				44630C48D1684C6088D3585B /* Inter-Medium.ttf */,
				D96A77FB7F41417BA0585F34 /* Inter-Regular.ttf */,
				E62E84F449B44D86B0FC3553 /* Inter-SemiBold.ttf */,
			);
			name = Resources;
			sourceTree = "<group>";
		};
		BBD78D7AC51CEA395F1C20DB /* Pods */ = {
			isa = PBXGroup;
			children = (
				E0EFC5572CCBC77172308880 /* Pods-ONDCReferenceBuyerApp.debug.xcconfig */,
				CD8296B8229636B61965B378 /* Pods-ONDCReferenceBuyerApp.release.xcconfig */,
				6DDEF73F124F388511FA8AF7 /* Pods-ONDCReferenceBuyerApp-ONDCReferenceBuyerAppTests.debug.xcconfig */,
				3BA9F8A774D59952CCF969E1 /* Pods-ONDCReferenceBuyerApp-ONDCReferenceBuyerAppTests.release.xcconfig */,
				718506D6C1C09DDF36D32F48 /* Pods-ONDCReferenceBuyerApp-ONDCReferenceBuyerAppDevelopment.debug.xcconfig */,
				DD4A1D37DB7CE9334223E173 /* Pods-ONDCReferenceBuyerApp-ONDCReferenceBuyerAppDevelopment.release.xcconfig */,
				6EF55DC9AAB79F1CE44375B6 /* Pods-ONDCReferenceBuyerApp-ONDCReferenceBuyerAppPreprod.debug.xcconfig */,
				38172BB61A41132DED6AFB00 /* Pods-ONDCReferenceBuyerApp-ONDCReferenceBuyerAppPreprod.release.xcconfig */,
				321314CF76FB6EF8D54A42D0 /* Pods-ONDCReferenceBuyerApp-ONDCReferenceBuyerAppStaging.debug.xcconfig */,
				1878766E7FC69FC444B04F42 /* Pods-ONDCReferenceBuyerApp-ONDCReferenceBuyerAppStaging.release.xcconfig */,
			);
			path = Pods;
			sourceTree = "<group>";
		};
/* End PBXGroup section */

/* Begin PBXNativeTarget section */
		00E356ED1AD99517003FC87E /* ONDCReferenceBuyerAppTests */ = {
			isa = PBXNativeTarget;
			buildConfigurationList = 00E357021AD99517003FC87E /* Build configuration list for PBXNativeTarget "ONDCReferenceBuyerAppTests" */;
			buildPhases = (
				41DB1C734AAAC8FDA5D76C21 /* [CP] Check Pods Manifest.lock */,
				00E356EA1AD99517003FC87E /* Sources */,
				00E356EB1AD99517003FC87E /* Frameworks */,
				00E356EC1AD99517003FC87E /* Resources */,
				8279F97E9D29731208C6D2EE /* [CP] Embed Pods Frameworks */,
				BE2F032939EAE1DA5D8239E0 /* [CP] Copy Pods Resources */,
			);
			buildRules = (
			);
			dependencies = (
				00E356F51AD99517003FC87E /* PBXTargetDependency */,
			);
			name = ONDCReferenceBuyerAppTests;
			productName = ONDCReferenceBuyerAppTests;
			productReference = 00E356EE1AD99517003FC87E /* ONDCReferenceBuyerAppTests.xctest */;
			productType = "com.apple.product-type.bundle.unit-test";
		};
		13B07F861A680F5B00A75B9A /* ONDCReferenceBuyerApp */ = {
			isa = PBXNativeTarget;
			buildConfigurationList = 13B07F931A680F5B00A75B9A /* Build configuration list for PBXNativeTarget "ONDCReferenceBuyerApp" */;
			buildPhases = (
				D2B0FA17C6A27CC2744E9204 /* [CP] Check Pods Manifest.lock */,
				FD10A7F022414F080027D42C /* Start Packager */,
				13B07F871A680F5B00A75B9A /* Sources */,
				13B07F8C1A680F5B00A75B9A /* Frameworks */,
				13B07F8E1A680F5B00A75B9A /* Resources */,
				00DD1BFF1BD5951E006B06BC /* Bundle React Native code and images */,
				AD2C6B08A393F7D1EDE72734 /* [CP] Embed Pods Frameworks */,
				265CB54C0A640E6F5BEFDEB5 /* [CP] Copy Pods Resources */,
				89FB6D501847887CEB5344A7 /* [CP-User] [RNFB] Core Configuration */,
			);
			buildRules = (
			);
			dependencies = (
			);
			name = ONDCReferenceBuyerApp;
			productName = ONDCReferenceBuyerApp;
			productReference = 13B07F961A680F5B00A75B9A /* ONDCReferenceBuyerApp.app */;
			productType = "com.apple.product-type.application";
		};
		8C914A892C443D1400D1CD1D /* ONDCReferenceBuyerAppDevelopment */ = {
			isa = PBXNativeTarget;
			buildConfigurationList = 8C914A9D2C443D1400D1CD1D /* Build configuration list for PBXNativeTarget "ONDCReferenceBuyerAppDevelopment" */;
			buildPhases = (
				17746E830A1FA1A5D6866A16 /* [CP] Check Pods Manifest.lock */,
				8C914A8B2C443D1400D1CD1D /* Start Packager */,
				8C914A8C2C443D1400D1CD1D /* Sources */,
				8C914A8F2C443D1400D1CD1D /* Frameworks */,
				8C914A912C443D1400D1CD1D /* Resources */,
				8C914A992C443D1400D1CD1D /* Bundle React Native code and images */,
				2C6673B11F5085159FC11F8D /* [CP] Embed Pods Frameworks */,
				00106D95FD79766BB5632823 /* [CP] Copy Pods Resources */,
			);
			buildRules = (
			);
			dependencies = (
			);
			name = ONDCReferenceBuyerAppDevelopment;
			productName = ONDCReferenceBuyerApp;
			productReference = 8C914AA02C443D1400D1CD1D /* ONDCReferenceBuyerAppDevelopment.app */;
			productType = "com.apple.product-type.application";
		};
		8C914AA22C443D3700D1CD1D /* ONDCReferenceBuyerAppStaging */ = {
			isa = PBXNativeTarget;
			buildConfigurationList = 8C914AB62C443D3700D1CD1D /* Build configuration list for PBXNativeTarget "ONDCReferenceBuyerAppStaging" */;
			buildPhases = (
				A7913D84CAF2004DACBD8251 /* [CP] Check Pods Manifest.lock */,
				8C914AA42C443D3700D1CD1D /* Start Packager */,
				8C914AA52C443D3700D1CD1D /* Sources */,
				8C914AA82C443D3700D1CD1D /* Frameworks */,
				8C914AAA2C443D3700D1CD1D /* Resources */,
				8C914AB22C443D3700D1CD1D /* Bundle React Native code and images */,
				9F768DE1EDFFED06C08CCCE0 /* [CP] Embed Pods Frameworks */,
				B424CF47206489305064AF98 /* [CP] Copy Pods Resources */,
			);
			buildRules = (
			);
			dependencies = (
			);
			name = ONDCReferenceBuyerAppStaging;
			productName = ONDCReferenceBuyerApp;
			productReference = 8C914AB92C443D3700D1CD1D /* ONDCReferenceBuyerAppStaging.app */;
			productType = "com.apple.product-type.application";
		};
		8C914ABB2C443D3F00D1CD1D /* ONDCReferenceBuyerAppPreprod */ = {
			isa = PBXNativeTarget;
			buildConfigurationList = 8C914ACF2C443D3F00D1CD1D /* Build configuration list for PBXNativeTarget "ONDCReferenceBuyerAppPreprod" */;
			buildPhases = (
				A647B08A3E27916676B1444A /* [CP] Check Pods Manifest.lock */,
				8C914ABD2C443D3F00D1CD1D /* Start Packager */,
				8C914ABE2C443D3F00D1CD1D /* Sources */,
				8C914AC12C443D3F00D1CD1D /* Frameworks */,
				8C914AC32C443D3F00D1CD1D /* Resources */,
				8C914ACB2C443D3F00D1CD1D /* Bundle React Native code and images */,
				F61323E40A47EFF7557139ED /* [CP] Embed Pods Frameworks */,
				5A3914538EC476C9FF30FA9B /* [CP] Copy Pods Resources */,
			);
			buildRules = (
			);
			dependencies = (
			);
			name = ONDCReferenceBuyerAppPreprod;
			productName = ONDCReferenceBuyerApp;
			productReference = 8C914AD22C443D3F00D1CD1D /* ONDCReferenceBuyerAppPreprod.app */;
			productType = "com.apple.product-type.application";
		};
/* End PBXNativeTarget section */

/* Begin PBXProject section */
		83CBB9F71A601CBA00E9B192 /* Project object */ = {
			isa = PBXProject;
			attributes = {
				LastUpgradeCheck = 1210;
				TargetAttributes = {
					00E356ED1AD99517003FC87E = {
						CreatedOnToolsVersion = 6.2;
						TestTargetID = 13B07F861A680F5B00A75B9A;
					};
					13B07F861A680F5B00A75B9A = {
						LastSwiftMigration = 1120;
					};
				};
			};
			buildConfigurationList = 83CBB9FA1A601CBA00E9B192 /* Build configuration list for PBXProject "ONDCReferenceBuyerApp" */;
			compatibilityVersion = "Xcode 12.0";
			developmentRegion = en;
			hasScannedForEncodings = 0;
			knownRegions = (
				en,
				Base,
			);
			mainGroup = 83CBB9F61A601CBA00E9B192;
			productRefGroup = 83CBBA001A601CBA00E9B192 /* Products */;
			projectDirPath = "";
			projectRoot = "";
			targets = (
				13B07F861A680F5B00A75B9A /* ONDCReferenceBuyerApp */,
				00E356ED1AD99517003FC87E /* ONDCReferenceBuyerAppTests */,
				8C914A892C443D1400D1CD1D /* ONDCReferenceBuyerAppDevelopment */,
				8C914AA22C443D3700D1CD1D /* ONDCReferenceBuyerAppStaging */,
				8C914ABB2C443D3F00D1CD1D /* ONDCReferenceBuyerAppPreprod */,
			);
		};
/* End PBXProject section */

/* Begin PBXResourcesBuildPhase section */
		00E356EC1AD99517003FC87E /* Resources */ = {
			isa = PBXResourcesBuildPhase;
			buildActionMask = 2147483647;
			files = (
			);
			runOnlyForDeploymentPostprocessing = 0;
		};
		13B07F8E1A680F5B00A75B9A /* Resources */ = {
			isa = PBXResourcesBuildPhase;
			buildActionMask = 2147483647;
			files = (
				81AB9BB82411601600AC10FF /* LaunchScreen.storyboard in Resources */,
				8CC9A9A92C52950B002A63E8 /* GoogleService-Info.plist in Resources */,
				13B07FBF1A68108700A75B9A /* Images.xcassets in Resources */,
				FD2B627F2C7E46B1844F95D2 /* Inter-Bold.ttf in Resources */,
				68F5EDC87EE046E1BF718EF4 /* Inter-Medium.ttf in Resources */,
				1AAB4DA45384447DA2F120DA /* Inter-Regular.ttf in Resources */,
				81274D213F9C42908B0B3865 /* Inter-SemiBold.ttf in Resources */,
			);
			runOnlyForDeploymentPostprocessing = 0;
		};
		8C914A912C443D1400D1CD1D /* Resources */ = {
			isa = PBXResourcesBuildPhase;
			buildActionMask = 2147483647;
			files = (
				8C914A922C443D1400D1CD1D /* LaunchScreen.storyboard in Resources */,
				8C914A942C443D1400D1CD1D /* Images.xcassets in Resources */,
				8C914A952C443D1400D1CD1D /* Inter-Bold.ttf in Resources */,
				8C914A962C443D1400D1CD1D /* Inter-Medium.ttf in Resources */,
				8C914A972C443D1400D1CD1D /* Inter-Regular.ttf in Resources */,
				8C914A982C443D1400D1CD1D /* Inter-SemiBold.ttf in Resources */,
				8CC9A9A22C52950B002A63E8 /* GoogleService-Info.plist in Resources */,
			);
			runOnlyForDeploymentPostprocessing = 0;
		};
		8C914AAA2C443D3700D1CD1D /* Resources */ = {
			isa = PBXResourcesBuildPhase;
			buildActionMask = 2147483647;
			files = (
				8C914AAB2C443D3700D1CD1D /* LaunchScreen.storyboard in Resources */,
				8CC9A9AF2C52950B002A63E8 /* GoogleService-Info.plist in Resources */,
				8C914AAE2C443D3700D1CD1D /* Inter-Bold.ttf in Resources */,
				8C914AAF2C443D3700D1CD1D /* Inter-Medium.ttf in Resources */,
				8C914AB02C443D3700D1CD1D /* Inter-Regular.ttf in Resources */,
				8C914AB12C443D3700D1CD1D /* Inter-SemiBold.ttf in Resources */,
			);
			runOnlyForDeploymentPostprocessing = 0;
		};
		8C914AC32C443D3F00D1CD1D /* Resources */ = {
			isa = PBXResourcesBuildPhase;
			buildActionMask = 2147483647;
			files = (
				8C914AC42C443D3F00D1CD1D /* LaunchScreen.storyboard in Resources */,
				8CC9A9A82C52950B002A63E8 /* GoogleService-Info.plist in Resources */,
				8C914AC62C443D3F00D1CD1D /* Images.xcassets in Resources */,
				8C914AC72C443D3F00D1CD1D /* Inter-Bold.ttf in Resources */,
				8C914AC82C443D3F00D1CD1D /* Inter-Medium.ttf in Resources */,
				8C914AC92C443D3F00D1CD1D /* Inter-Regular.ttf in Resources */,
				8C914ACA2C443D3F00D1CD1D /* Inter-SemiBold.ttf in Resources */,
			);
			runOnlyForDeploymentPostprocessing = 0;
		};
/* End PBXResourcesBuildPhase section */

/* Begin PBXShellScriptBuildPhase section */
		00106D95FD79766BB5632823 /* [CP] Copy Pods Resources */ = {
			isa = PBXShellScriptBuildPhase;
			buildActionMask = 2147483647;
			files = (
			);
			inputFileListPaths = (
				"${PODS_ROOT}/Target Support Files/Pods-ONDCReferenceBuyerApp-ONDCReferenceBuyerAppDevelopment/Pods-ONDCReferenceBuyerApp-ONDCReferenceBuyerAppDevelopment-resources-${CONFIGURATION}-input-files.xcfilelist",
			);
			name = "[CP] Copy Pods Resources";
			outputFileListPaths = (
				"${PODS_ROOT}/Target Support Files/Pods-ONDCReferenceBuyerApp-ONDCReferenceBuyerAppDevelopment/Pods-ONDCReferenceBuyerApp-ONDCReferenceBuyerAppDevelopment-resources-${CONFIGURATION}-output-files.xcfilelist",
			);
			runOnlyForDeploymentPostprocessing = 0;
			shellPath = /bin/sh;
			shellScript = "\"${PODS_ROOT}/Target Support Files/Pods-ONDCReferenceBuyerApp-ONDCReferenceBuyerAppDevelopment/Pods-ONDCReferenceBuyerApp-ONDCReferenceBuyerAppDevelopment-resources.sh\"\n";
			showEnvVarsInLog = 0;
		};
		00DD1BFF1BD5951E006B06BC /* Bundle React Native code and images */ = {
			isa = PBXShellScriptBuildPhase;
			buildActionMask = 2147483647;
			files = (
			);
			inputPaths = (
				"$(SRCROOT)/.xcode.env.local",
				"$(SRCROOT)/.xcode.env",
			);
			name = "Bundle React Native code and images";
			outputPaths = (
			);
			runOnlyForDeploymentPostprocessing = 0;
			shellPath = /bin/sh;
			shellScript = "set -e\n\nWITH_ENVIRONMENT=\"../node_modules/react-native/scripts/xcode/with-environment.sh\"\nREACT_NATIVE_XCODE=\"../node_modules/react-native/scripts/react-native-xcode.sh\"\n\n/bin/sh -c \"$WITH_ENVIRONMENT $REACT_NATIVE_XCODE\"\n";
		};
		17746E830A1FA1A5D6866A16 /* [CP] Check Pods Manifest.lock */ = {
			isa = PBXShellScriptBuildPhase;
			buildActionMask = 2147483647;
			files = (
			);
			inputFileListPaths = (
			);
			inputPaths = (
				"${PODS_PODFILE_DIR_PATH}/Podfile.lock",
				"${PODS_ROOT}/Manifest.lock",
			);
			name = "[CP] Check Pods Manifest.lock";
			outputFileListPaths = (
			);
			outputPaths = (
				"$(DERIVED_FILE_DIR)/Pods-ONDCReferenceBuyerApp-ONDCReferenceBuyerAppDevelopment-checkManifestLockResult.txt",
			);
			runOnlyForDeploymentPostprocessing = 0;
			shellPath = /bin/sh;
			shellScript = "diff \"${PODS_PODFILE_DIR_PATH}/Podfile.lock\" \"${PODS_ROOT}/Manifest.lock\" > /dev/null\nif [ $? != 0 ] ; then\n    # print error to STDERR\n    echo \"error: The sandbox is not in sync with the Podfile.lock. Run 'pod install' or update your CocoaPods installation.\" >&2\n    exit 1\nfi\n# This output is used by Xcode 'outputs' to avoid re-running this script phase.\necho \"SUCCESS\" > \"${SCRIPT_OUTPUT_FILE_0}\"\n";
			showEnvVarsInLog = 0;
		};
		265CB54C0A640E6F5BEFDEB5 /* [CP] Copy Pods Resources */ = {
			isa = PBXShellScriptBuildPhase;
			buildActionMask = 2147483647;
			files = (
			);
			inputFileListPaths = (
				"${PODS_ROOT}/Target Support Files/Pods-ONDCReferenceBuyerApp/Pods-ONDCReferenceBuyerApp-resources-${CONFIGURATION}-input-files.xcfilelist",
			);
			name = "[CP] Copy Pods Resources";
			outputFileListPaths = (
				"${PODS_ROOT}/Target Support Files/Pods-ONDCReferenceBuyerApp/Pods-ONDCReferenceBuyerApp-resources-${CONFIGURATION}-output-files.xcfilelist",
			);
			runOnlyForDeploymentPostprocessing = 0;
			shellPath = /bin/sh;
			shellScript = "\"${PODS_ROOT}/Target Support Files/Pods-ONDCReferenceBuyerApp/Pods-ONDCReferenceBuyerApp-resources.sh\"\n";
			showEnvVarsInLog = 0;
		};
		2C6673B11F5085159FC11F8D /* [CP] Embed Pods Frameworks */ = {
			isa = PBXShellScriptBuildPhase;
			buildActionMask = 2147483647;
			files = (
			);
			inputFileListPaths = (
				"${PODS_ROOT}/Target Support Files/Pods-ONDCReferenceBuyerApp-ONDCReferenceBuyerAppDevelopment/Pods-ONDCReferenceBuyerApp-ONDCReferenceBuyerAppDevelopment-frameworks-${CONFIGURATION}-input-files.xcfilelist",
			);
			name = "[CP] Embed Pods Frameworks";
			outputFileListPaths = (
				"${PODS_ROOT}/Target Support Files/Pods-ONDCReferenceBuyerApp-ONDCReferenceBuyerAppDevelopment/Pods-ONDCReferenceBuyerApp-ONDCReferenceBuyerAppDevelopment-frameworks-${CONFIGURATION}-output-files.xcfilelist",
			);
			runOnlyForDeploymentPostprocessing = 0;
			shellPath = /bin/sh;
			shellScript = "\"${PODS_ROOT}/Target Support Files/Pods-ONDCReferenceBuyerApp-ONDCReferenceBuyerAppDevelopment/Pods-ONDCReferenceBuyerApp-ONDCReferenceBuyerAppDevelopment-frameworks.sh\"\n";
			showEnvVarsInLog = 0;
		};
		41DB1C734AAAC8FDA5D76C21 /* [CP] Check Pods Manifest.lock */ = {
			isa = PBXShellScriptBuildPhase;
			buildActionMask = 2147483647;
			files = (
			);
			inputFileListPaths = (
			);
			inputPaths = (
				"${PODS_PODFILE_DIR_PATH}/Podfile.lock",
				"${PODS_ROOT}/Manifest.lock",
			);
			name = "[CP] Check Pods Manifest.lock";
			outputFileListPaths = (
			);
			outputPaths = (
				"$(DERIVED_FILE_DIR)/Pods-ONDCReferenceBuyerApp-ONDCReferenceBuyerAppTests-checkManifestLockResult.txt",
			);
			runOnlyForDeploymentPostprocessing = 0;
			shellPath = /bin/sh;
			shellScript = "diff \"${PODS_PODFILE_DIR_PATH}/Podfile.lock\" \"${PODS_ROOT}/Manifest.lock\" > /dev/null\nif [ $? != 0 ] ; then\n    # print error to STDERR\n    echo \"error: The sandbox is not in sync with the Podfile.lock. Run 'pod install' or update your CocoaPods installation.\" >&2\n    exit 1\nfi\n# This output is used by Xcode 'outputs' to avoid re-running this script phase.\necho \"SUCCESS\" > \"${SCRIPT_OUTPUT_FILE_0}\"\n";
			showEnvVarsInLog = 0;
		};
		5A3914538EC476C9FF30FA9B /* [CP] Copy Pods Resources */ = {
			isa = PBXShellScriptBuildPhase;
			buildActionMask = 2147483647;
			files = (
			);
			inputFileListPaths = (
				"${PODS_ROOT}/Target Support Files/Pods-ONDCReferenceBuyerApp-ONDCReferenceBuyerAppPreprod/Pods-ONDCReferenceBuyerApp-ONDCReferenceBuyerAppPreprod-resources-${CONFIGURATION}-input-files.xcfilelist",
			);
			name = "[CP] Copy Pods Resources";
			outputFileListPaths = (
				"${PODS_ROOT}/Target Support Files/Pods-ONDCReferenceBuyerApp-ONDCReferenceBuyerAppPreprod/Pods-ONDCReferenceBuyerApp-ONDCReferenceBuyerAppPreprod-resources-${CONFIGURATION}-output-files.xcfilelist",
			);
			runOnlyForDeploymentPostprocessing = 0;
			shellPath = /bin/sh;
			shellScript = "\"${PODS_ROOT}/Target Support Files/Pods-ONDCReferenceBuyerApp-ONDCReferenceBuyerAppPreprod/Pods-ONDCReferenceBuyerApp-ONDCReferenceBuyerAppPreprod-resources.sh\"\n";
			showEnvVarsInLog = 0;
		};
		8279F97E9D29731208C6D2EE /* [CP] Embed Pods Frameworks */ = {
			isa = PBXShellScriptBuildPhase;
			buildActionMask = 2147483647;
			files = (
			);
			inputFileListPaths = (
				"${PODS_ROOT}/Target Support Files/Pods-ONDCReferenceBuyerApp-ONDCReferenceBuyerAppTests/Pods-ONDCReferenceBuyerApp-ONDCReferenceBuyerAppTests-frameworks-${CONFIGURATION}-input-files.xcfilelist",
			);
			name = "[CP] Embed Pods Frameworks";
			outputFileListPaths = (
				"${PODS_ROOT}/Target Support Files/Pods-ONDCReferenceBuyerApp-ONDCReferenceBuyerAppTests/Pods-ONDCReferenceBuyerApp-ONDCReferenceBuyerAppTests-frameworks-${CONFIGURATION}-output-files.xcfilelist",
			);
			runOnlyForDeploymentPostprocessing = 0;
			shellPath = /bin/sh;
			shellScript = "\"${PODS_ROOT}/Target Support Files/Pods-ONDCReferenceBuyerApp-ONDCReferenceBuyerAppTests/Pods-ONDCReferenceBuyerApp-ONDCReferenceBuyerAppTests-frameworks.sh\"\n";
			showEnvVarsInLog = 0;
		};
		89FB6D501847887CEB5344A7 /* [CP-User] [RNFB] Core Configuration */ = {
			isa = PBXShellScriptBuildPhase;
			buildActionMask = 2147483647;
			files = (
			);
			inputPaths = (
				"$(BUILT_PRODUCTS_DIR)/$(INFOPLIST_PATH)",
			);
			name = "[CP-User] [RNFB] Core Configuration";
			runOnlyForDeploymentPostprocessing = 0;
			shellPath = /bin/sh;
			shellScript = "#!/usr/bin/env bash\n#\n# Copyright (c) 2016-present Invertase Limited & Contributors\n#\n# Licensed under the Apache License, Version 2.0 (the \"License\");\n# you may not use this library except in compliance with the License.\n# You may obtain a copy of the License at\n#\n#   http://www.apache.org/licenses/LICENSE-2.0\n#\n# Unless required by applicable law or agreed to in writing, software\n# distributed under the License is distributed on an \"AS IS\" BASIS,\n# WITHOUT WARRANTIES OR CONDITIONS OF ANY KIND, either express or implied.\n# See the License for the specific language governing permissions and\n# limitations under the License.\n#\n\n##########################################################################\n##########################################################################\n#\n#  NOTE THAT IF YOU CHANGE THIS FILE YOU MUST RUN pod install AFTERWARDS\n#\n#  This file is installed as an Xcode build script in the project file\n#  by cocoapods, and you will not see your changes until you pod install\n#\n##########################################################################\n##########################################################################\n\nset -e\n\n_MAX_LOOKUPS=2;\n_SEARCH_RESULT=''\n_RN_ROOT_EXISTS=''\n_CURRENT_LOOKUPS=1\n_JSON_ROOT=\"'react-native'\"\n_JSON_FILE_NAME='firebase.json'\n_JSON_OUTPUT_BASE64='e30=' # { }\n_CURRENT_SEARCH_DIR=${PROJECT_DIR}\n_PLIST_BUDDY=/usr/libexec/PlistBuddy\n_TARGET_PLIST=\"${BUILT_PRODUCTS_DIR}/${INFOPLIST_PATH}\"\n_DSYM_PLIST=\"${DWARF_DSYM_FOLDER_PATH}/${DWARF_DSYM_FILE_NAME}/Contents/Info.plist\"\n\n# plist arrays\n_PLIST_ENTRY_KEYS=()\n_PLIST_ENTRY_TYPES=()\n_PLIST_ENTRY_VALUES=()\n\nfunction setPlistValue {\n  echo \"info:      setting plist entry '$1' of type '$2' in file '$4'\"\n  ${_PLIST_BUDDY} -c \"Add :$1 $2 '$3'\" $4 || echo \"info:      '$1' already exists\"\n}\n\nfunction getFirebaseJsonKeyValue () {\n  if [[ ${_RN_ROOT_EXISTS} ]]; then\n    ruby -Ku -e \"require 'rubygems';require 'json'; output=JSON.parse('$1'); puts output[$_JSON_ROOT]['$2']\"\n  else\n    echo \"\"\n  fi;\n}\n\nfunction jsonBoolToYesNo () {\n  if [[ $1 == \"false\" ]]; then\n    echo \"NO\"\n  elif [[ $1 == \"true\" ]]; then\n    echo \"YES\"\n  else echo \"NO\"\n  fi\n}\n\necho \"info: -> RNFB build script started\"\necho \"info: 1) Locating ${_JSON_FILE_NAME} file:\"\n\nif [[ -z ${_CURRENT_SEARCH_DIR} ]]; then\n  _CURRENT_SEARCH_DIR=$(pwd)\nfi;\n\nwhile true; do\n  _CURRENT_SEARCH_DIR=$(dirname \"$_CURRENT_SEARCH_DIR\")\n  if [[ \"$_CURRENT_SEARCH_DIR\" == \"/\" ]] || [[ ${_CURRENT_LOOKUPS} -gt ${_MAX_LOOKUPS} ]]; then break; fi;\n  echo \"info:      ($_CURRENT_LOOKUPS of $_MAX_LOOKUPS) Searching in '$_CURRENT_SEARCH_DIR' for a ${_JSON_FILE_NAME} file.\"\n  _SEARCH_RESULT=$(find \"$_CURRENT_SEARCH_DIR\" -maxdepth 2 -name ${_JSON_FILE_NAME} -print | /usr/bin/head -n 1)\n  if [[ ${_SEARCH_RESULT} ]]; then\n    echo \"info:      ${_JSON_FILE_NAME} found at $_SEARCH_RESULT\"\n    break;\n  fi;\n  _CURRENT_LOOKUPS=$((_CURRENT_LOOKUPS+1))\ndone\n\nif [[ ${_SEARCH_RESULT} ]]; then\n  _JSON_OUTPUT_RAW=$(cat \"${_SEARCH_RESULT}\")\n  _RN_ROOT_EXISTS=$(ruby -Ku -e \"require 'rubygems';require 'json'; output=JSON.parse('$_JSON_OUTPUT_RAW'); puts output[$_JSON_ROOT]\" || echo '')\n\n  if [[ ${_RN_ROOT_EXISTS} ]]; then\n    if ! python3 --version >/dev/null 2>&1; then echo \"python3 not found, firebase.json file processing error.\" && exit 1; fi\n    _JSON_OUTPUT_BASE64=$(python3 -c 'import json,sys,base64;print(base64.b64encode(bytes(json.dumps(json.loads(open('\"'${_SEARCH_RESULT}'\"', '\"'rb'\"').read())['${_JSON_ROOT}']), '\"'utf-8'\"')).decode())' || echo \"e30=\")\n  fi\n\n  _PLIST_ENTRY_KEYS+=(\"firebase_json_raw\")\n  _PLIST_ENTRY_TYPES+=(\"string\")\n  _PLIST_ENTRY_VALUES+=(\"$_JSON_OUTPUT_BASE64\")\n\n  # config.app_data_collection_default_enabled\n  _APP_DATA_COLLECTION_ENABLED=$(getFirebaseJsonKeyValue \"$_JSON_OUTPUT_RAW\" \"app_data_collection_default_enabled\")\n  if [[ $_APP_DATA_COLLECTION_ENABLED ]]; then\n    _PLIST_ENTRY_KEYS+=(\"FirebaseDataCollectionDefaultEnabled\")\n    _PLIST_ENTRY_TYPES+=(\"bool\")\n    _PLIST_ENTRY_VALUES+=(\"$(jsonBoolToYesNo \"$_APP_DATA_COLLECTION_ENABLED\")\")\n  fi\n\n  # config.analytics_auto_collection_enabled\n  _ANALYTICS_AUTO_COLLECTION=$(getFirebaseJsonKeyValue \"$_JSON_OUTPUT_RAW\" \"analytics_auto_collection_enabled\")\n  if [[ $_ANALYTICS_AUTO_COLLECTION ]]; then\n    _PLIST_ENTRY_KEYS+=(\"FIREBASE_ANALYTICS_COLLECTION_ENABLED\")\n    _PLIST_ENTRY_TYPES+=(\"bool\")\n    _PLIST_ENTRY_VALUES+=(\"$(jsonBoolToYesNo \"$_ANALYTICS_AUTO_COLLECTION\")\")\n  fi\n\n  # config.analytics_collection_deactivated\n  _ANALYTICS_DEACTIVATED=$(getFirebaseJsonKeyValue \"$_JSON_OUTPUT_RAW\" \"analytics_collection_deactivated\")\n  if [[ $_ANALYTICS_DEACTIVATED ]]; then\n    _PLIST_ENTRY_KEYS+=(\"FIREBASE_ANALYTICS_COLLECTION_DEACTIVATED\")\n    _PLIST_ENTRY_TYPES+=(\"bool\")\n    _PLIST_ENTRY_VALUES+=(\"$(jsonBoolToYesNo \"$_ANALYTICS_DEACTIVATED\")\")\n  fi\n\n  # config.analytics_idfv_collection_enabled\n  _ANALYTICS_IDFV_COLLECTION=$(getFirebaseJsonKeyValue \"$_JSON_OUTPUT_RAW\" \"analytics_idfv_collection_enabled\")\n  if [[ $_ANALYTICS_IDFV_COLLECTION ]]; then\n    _PLIST_ENTRY_KEYS+=(\"GOOGLE_ANALYTICS_IDFV_COLLECTION_ENABLED\")\n    _PLIST_ENTRY_TYPES+=(\"bool\")\n    _PLIST_ENTRY_VALUES+=(\"$(jsonBoolToYesNo \"$_ANALYTICS_IDFV_COLLECTION\")\")\n  fi\n\n  # config.analytics_default_allow_analytics_storage\n  _ANALYTICS_STORAGE=$(getFirebaseJsonKeyValue \"$_JSON_OUTPUT_RAW\" \"analytics_default_allow_analytics_storage\")\n  if [[ $_ANALYTICS_STORAGE ]]; then\n    _PLIST_ENTRY_KEYS+=(\"GOOGLE_ANALYTICS_DEFAULT_ALLOW_ANALYTICS_STORAGE\")\n    _PLIST_ENTRY_TYPES+=(\"bool\")\n    _PLIST_ENTRY_VALUES+=(\"$(jsonBoolToYesNo \"$_ANALYTICS_STORAGE\")\")\n  fi\n\n  # config.analytics_default_allow_ad_storage\n  _ANALYTICS_AD_STORAGE=$(getFirebaseJsonKeyValue \"$_JSON_OUTPUT_RAW\" \"analytics_default_allow_ad_storage\")\n  if [[ $_ANALYTICS_AD_STORAGE ]]; then\n    _PLIST_ENTRY_KEYS+=(\"GOOGLE_ANALYTICS_DEFAULT_ALLOW_AD_STORAGE\")\n    _PLIST_ENTRY_TYPES+=(\"bool\")\n    _PLIST_ENTRY_VALUES+=(\"$(jsonBoolToYesNo \"$_ANALYTICS_AD_STORAGE\")\")\n  fi\n\n  # config.analytics_default_allow_ad_user_data\n  _ANALYTICS_AD_USER_DATA=$(getFirebaseJsonKeyValue \"$_JSON_OUTPUT_RAW\" \"analytics_default_allow_ad_user_data\")\n  if [[ $_ANALYTICS_AD_USER_DATA ]]; then\n    _PLIST_ENTRY_KEYS+=(\"GOOGLE_ANALYTICS_DEFAULT_ALLOW_AD_USER_DATA\")\n    _PLIST_ENTRY_TYPES+=(\"bool\")\n    _PLIST_ENTRY_VALUES+=(\"$(jsonBoolToYesNo \"$_ANALYTICS_AD_USER_DATA\")\")\n  fi\n\n  # config.analytics_default_allow_ad_personalization_signals\n  _ANALYTICS_PERSONALIZATION=$(getFirebaseJsonKeyValue \"$_JSON_OUTPUT_RAW\" \"analytics_default_allow_ad_personalization_signals\")\n  if [[ $_ANALYTICS_PERSONALIZATION ]]; then\n    _PLIST_ENTRY_KEYS+=(\"GOOGLE_ANALYTICS_DEFAULT_ALLOW_AD_PERSONALIZATION_SIGNALS\")\n    _PLIST_ENTRY_TYPES+=(\"bool\")\n    _PLIST_ENTRY_VALUES+=(\"$(jsonBoolToYesNo \"$_ANALYTICS_PERSONALIZATION\")\")\n  fi\n\n  # config.analytics_registration_with_ad_network_enabled\n  _ANALYTICS_REGISTRATION_WITH_AD_NETWORK=$(getFirebaseJsonKeyValue \"$_JSON_OUTPUT_RAW\" \"google_analytics_registration_with_ad_network_enabled\")\n  if [[ $_ANALYTICS_REGISTRATION_WITH_AD_NETWORK ]]; then\n    _PLIST_ENTRY_KEYS+=(\"GOOGLE_ANALYTICS_REGISTRATION_WITH_AD_NETWORK_ENABLED\")\n    _PLIST_ENTRY_TYPES+=(\"bool\")\n    _PLIST_ENTRY_VALUES+=(\"$(jsonBoolToYesNo \"$_ANALYTICS_REGISTRATION_WITH_AD_NETWORK\")\")\n  fi\n\n  # config.google_analytics_automatic_screen_reporting_enabled\n  _ANALYTICS_AUTO_SCREEN_REPORTING=$(getFirebaseJsonKeyValue \"$_JSON_OUTPUT_RAW\" \"google_analytics_automatic_screen_reporting_enabled\")\n  if [[ $_ANALYTICS_AUTO_SCREEN_REPORTING ]]; then\n    _PLIST_ENTRY_KEYS+=(\"FirebaseAutomaticScreenReportingEnabled\")\n    _PLIST_ENTRY_TYPES+=(\"bool\")\n    _PLIST_ENTRY_VALUES+=(\"$(jsonBoolToYesNo \"$_ANALYTICS_AUTO_SCREEN_REPORTING\")\")\n  fi\n\n  # config.perf_auto_collection_enabled\n  _PERF_AUTO_COLLECTION=$(getFirebaseJsonKeyValue \"$_JSON_OUTPUT_RAW\" \"perf_auto_collection_enabled\")\n  if [[ $_PERF_AUTO_COLLECTION ]]; then\n    _PLIST_ENTRY_KEYS+=(\"firebase_performance_collection_enabled\")\n    _PLIST_ENTRY_TYPES+=(\"bool\")\n    _PLIST_ENTRY_VALUES+=(\"$(jsonBoolToYesNo \"$_PERF_AUTO_COLLECTION\")\")\n  fi\n\n  # config.perf_collection_deactivated\n  _PERF_DEACTIVATED=$(getFirebaseJsonKeyValue \"$_JSON_OUTPUT_RAW\" \"perf_collection_deactivated\")\n  if [[ $_PERF_DEACTIVATED ]]; then\n    _PLIST_ENTRY_KEYS+=(\"firebase_performance_collection_deactivated\")\n    _PLIST_ENTRY_TYPES+=(\"bool\")\n    _PLIST_ENTRY_VALUES+=(\"$(jsonBoolToYesNo \"$_PERF_DEACTIVATED\")\")\n  fi\n\n  # config.messaging_auto_init_enabled\n  _MESSAGING_AUTO_INIT=$(getFirebaseJsonKeyValue \"$_JSON_OUTPUT_RAW\" \"messaging_auto_init_enabled\")\n  if [[ $_MESSAGING_AUTO_INIT ]]; then\n    _PLIST_ENTRY_KEYS+=(\"FirebaseMessagingAutoInitEnabled\")\n    _PLIST_ENTRY_TYPES+=(\"bool\")\n    _PLIST_ENTRY_VALUES+=(\"$(jsonBoolToYesNo \"$_MESSAGING_AUTO_INIT\")\")\n  fi\n\n  # config.in_app_messaging_auto_colllection_enabled\n  _FIAM_AUTO_INIT=$(getFirebaseJsonKeyValue \"$_JSON_OUTPUT_RAW\" \"in_app_messaging_auto_collection_enabled\")\n  if [[ $_FIAM_AUTO_INIT ]]; then\n    _PLIST_ENTRY_KEYS+=(\"FirebaseInAppMessagingAutomaticDataCollectionEnabled\")\n    _PLIST_ENTRY_TYPES+=(\"bool\")\n    _PLIST_ENTRY_VALUES+=(\"$(jsonBoolToYesNo \"$_FIAM_AUTO_INIT\")\")\n  fi\n\n  # config.app_check_token_auto_refresh\n  _APP_CHECK_TOKEN_AUTO_REFRESH=$(getFirebaseJsonKeyValue \"$_JSON_OUTPUT_RAW\" \"app_check_token_auto_refresh\")\n  if [[ $_APP_CHECK_TOKEN_AUTO_REFRESH ]]; then\n    _PLIST_ENTRY_KEYS+=(\"FirebaseAppCheckTokenAutoRefreshEnabled\")\n    _PLIST_ENTRY_TYPES+=(\"bool\")\n    _PLIST_ENTRY_VALUES+=(\"$(jsonBoolToYesNo \"$_APP_CHECK_TOKEN_AUTO_REFRESH\")\")\n  fi\n\n  # config.crashlytics_disable_auto_disabler - undocumented for now - mainly for debugging, document if becomes useful\n  _CRASHLYTICS_AUTO_DISABLE_ENABLED=$(getFirebaseJsonKeyValue \"$_JSON_OUTPUT_RAW\" \"crashlytics_disable_auto_disabler\")\n  if [[ $_CRASHLYTICS_AUTO_DISABLE_ENABLED == \"true\" ]]; then\n    echo \"Disabled Crashlytics auto disabler.\" # do nothing\n  else\n    _PLIST_ENTRY_KEYS+=(\"FirebaseCrashlyticsCollectionEnabled\")\n    _PLIST_ENTRY_TYPES+=(\"bool\")\n    _PLIST_ENTRY_VALUES+=(\"NO\")\n  fi\nelse\n  _PLIST_ENTRY_KEYS+=(\"firebase_json_raw\")\n  _PLIST_ENTRY_TYPES+=(\"string\")\n  _PLIST_ENTRY_VALUES+=(\"$_JSON_OUTPUT_BASE64\")\n  echo \"warning:   A firebase.json file was not found, whilst this file is optional it is recommended to include it to configure firebase services in React Native Firebase.\"\nfi;\n\necho \"info: 2) Injecting Info.plist entries: \"\n\n# Log out the keys we're adding\nfor i in \"${!_PLIST_ENTRY_KEYS[@]}\"; do\n  echo \"    ->  $i) ${_PLIST_ENTRY_KEYS[$i]}\" \"${_PLIST_ENTRY_TYPES[$i]}\" \"${_PLIST_ENTRY_VALUES[$i]}\"\ndone\n\nfor plist in \"${_TARGET_PLIST}\" \"${_DSYM_PLIST}\" ; do\n  if [[ -f \"${plist}\" ]]; then\n\n    # paths with spaces break the call to setPlistValue. temporarily modify\n    # the shell internal field separator variable (IFS), which normally\n    # includes spaces, to consist only of line breaks\n    oldifs=$IFS\n    IFS=\"\n\"\n\n    for i in \"${!_PLIST_ENTRY_KEYS[@]}\"; do\n      setPlistValue \"${_PLIST_ENTRY_KEYS[$i]}\" \"${_PLIST_ENTRY_TYPES[$i]}\" \"${_PLIST_ENTRY_VALUES[$i]}\" \"${plist}\"\n    done\n\n    # restore the original internal field separator value\n    IFS=$oldifs\n  else\n    echo \"warning:   A Info.plist build output file was not found (${plist})\"\n  fi\ndone\n\necho \"info: <- RNFB build script finished\"\n";
		};
		8C914A8B2C443D1400D1CD1D /* Start Packager */ = {
			isa = PBXShellScriptBuildPhase;
			buildActionMask = 2147483647;
			files = (
			);
			inputFileListPaths = (
			);
			inputPaths = (
			);
			name = "Start Packager";
			outputFileListPaths = (
			);
			outputPaths = (
			);
			runOnlyForDeploymentPostprocessing = 0;
			shellPath = /bin/sh;
			shellScript = "export RCT_METRO_PORT=\"${RCT_METRO_PORT:=8081}\"\necho \"export RCT_METRO_PORT=${RCT_METRO_PORT}\" > \"${SRCROOT}/../node_modules/react-native/scripts/.packager.env\"\nif [ -z \"${RCT_NO_LAUNCH_PACKAGER+xxx}\" ] ; then\n  if nc -w 5 -z localhost ${RCT_METRO_PORT} ; then\n    if ! curl -s \"http://localhost:${RCT_METRO_PORT}/status\" | grep -q \"packager-status:running\" ; then\n      echo \"Port ${RCT_METRO_PORT} already in use, packager is either not running or not running correctly\"\n      exit 2\n    fi\n  else\n    open \"$SRCROOT/../node_modules/react-native/scripts/launchPackager.command\" || echo \"Can't start packager automatically\"\n  fi\nfi\n";
			showEnvVarsInLog = 0;
		};
		8C914A992C443D1400D1CD1D /* Bundle React Native code and images */ = {
			isa = PBXShellScriptBuildPhase;
			buildActionMask = 2147483647;
			files = (
			);
			inputPaths = (
				"$(SRCROOT)/.xcode.env.local",
				"$(SRCROOT)/.xcode.env",
			);
			name = "Bundle React Native code and images";
			outputPaths = (
			);
			runOnlyForDeploymentPostprocessing = 0;
			shellPath = /bin/sh;
			shellScript = "set -e\n\nWITH_ENVIRONMENT=\"../node_modules/react-native/scripts/xcode/with-environment.sh\"\nREACT_NATIVE_XCODE=\"../node_modules/react-native/scripts/react-native-xcode.sh\"\n\n/bin/sh -c \"$WITH_ENVIRONMENT $REACT_NATIVE_XCODE\"\n";
		};
		8C914AA42C443D3700D1CD1D /* Start Packager */ = {
			isa = PBXShellScriptBuildPhase;
			buildActionMask = 2147483647;
			files = (
			);
			inputFileListPaths = (
			);
			inputPaths = (
			);
			name = "Start Packager";
			outputFileListPaths = (
			);
			outputPaths = (
			);
			runOnlyForDeploymentPostprocessing = 0;
			shellPath = /bin/sh;
			shellScript = "export RCT_METRO_PORT=\"${RCT_METRO_PORT:=8081}\"\necho \"export RCT_METRO_PORT=${RCT_METRO_PORT}\" > \"${SRCROOT}/../node_modules/react-native/scripts/.packager.env\"\nif [ -z \"${RCT_NO_LAUNCH_PACKAGER+xxx}\" ] ; then\n  if nc -w 5 -z localhost ${RCT_METRO_PORT} ; then\n    if ! curl -s \"http://localhost:${RCT_METRO_PORT}/status\" | grep -q \"packager-status:running\" ; then\n      echo \"Port ${RCT_METRO_PORT} already in use, packager is either not running or not running correctly\"\n      exit 2\n    fi\n  else\n    open \"$SRCROOT/../node_modules/react-native/scripts/launchPackager.command\" || echo \"Can't start packager automatically\"\n  fi\nfi\n";
			showEnvVarsInLog = 0;
		};
		8C914AB22C443D3700D1CD1D /* Bundle React Native code and images */ = {
			isa = PBXShellScriptBuildPhase;
			buildActionMask = 2147483647;
			files = (
			);
			inputPaths = (
				"$(SRCROOT)/.xcode.env.local",
				"$(SRCROOT)/.xcode.env",
			);
			name = "Bundle React Native code and images";
			outputPaths = (
			);
			runOnlyForDeploymentPostprocessing = 0;
			shellPath = /bin/sh;
			shellScript = "set -e\n\nWITH_ENVIRONMENT=\"../node_modules/react-native/scripts/xcode/with-environment.sh\"\nREACT_NATIVE_XCODE=\"../node_modules/react-native/scripts/react-native-xcode.sh\"\n\n/bin/sh -c \"$WITH_ENVIRONMENT $REACT_NATIVE_XCODE\"\n";
		};
		8C914ABD2C443D3F00D1CD1D /* Start Packager */ = {
			isa = PBXShellScriptBuildPhase;
			buildActionMask = 2147483647;
			files = (
			);
			inputFileListPaths = (
			);
			inputPaths = (
			);
			name = "Start Packager";
			outputFileListPaths = (
			);
			outputPaths = (
			);
			runOnlyForDeploymentPostprocessing = 0;
			shellPath = /bin/sh;
			shellScript = "export RCT_METRO_PORT=\"${RCT_METRO_PORT:=8081}\"\necho \"export RCT_METRO_PORT=${RCT_METRO_PORT}\" > \"${SRCROOT}/../node_modules/react-native/scripts/.packager.env\"\nif [ -z \"${RCT_NO_LAUNCH_PACKAGER+xxx}\" ] ; then\n  if nc -w 5 -z localhost ${RCT_METRO_PORT} ; then\n    if ! curl -s \"http://localhost:${RCT_METRO_PORT}/status\" | grep -q \"packager-status:running\" ; then\n      echo \"Port ${RCT_METRO_PORT} already in use, packager is either not running or not running correctly\"\n      exit 2\n    fi\n  else\n    open \"$SRCROOT/../node_modules/react-native/scripts/launchPackager.command\" || echo \"Can't start packager automatically\"\n  fi\nfi\n";
			showEnvVarsInLog = 0;
		};
		8C914ACB2C443D3F00D1CD1D /* Bundle React Native code and images */ = {
			isa = PBXShellScriptBuildPhase;
			buildActionMask = 2147483647;
			files = (
			);
			inputPaths = (
				"$(SRCROOT)/.xcode.env.local",
				"$(SRCROOT)/.xcode.env",
			);
			name = "Bundle React Native code and images";
			outputPaths = (
			);
			runOnlyForDeploymentPostprocessing = 0;
			shellPath = /bin/sh;
			shellScript = "set -e\n\nWITH_ENVIRONMENT=\"../node_modules/react-native/scripts/xcode/with-environment.sh\"\nREACT_NATIVE_XCODE=\"../node_modules/react-native/scripts/react-native-xcode.sh\"\n\n/bin/sh -c \"$WITH_ENVIRONMENT $REACT_NATIVE_XCODE\"\n";
		};
		9F768DE1EDFFED06C08CCCE0 /* [CP] Embed Pods Frameworks */ = {
			isa = PBXShellScriptBuildPhase;
			buildActionMask = 2147483647;
			files = (
			);
			inputFileListPaths = (
				"${PODS_ROOT}/Target Support Files/Pods-ONDCReferenceBuyerApp-ONDCReferenceBuyerAppStaging/Pods-ONDCReferenceBuyerApp-ONDCReferenceBuyerAppStaging-frameworks-${CONFIGURATION}-input-files.xcfilelist",
			);
			name = "[CP] Embed Pods Frameworks";
			outputFileListPaths = (
				"${PODS_ROOT}/Target Support Files/Pods-ONDCReferenceBuyerApp-ONDCReferenceBuyerAppStaging/Pods-ONDCReferenceBuyerApp-ONDCReferenceBuyerAppStaging-frameworks-${CONFIGURATION}-output-files.xcfilelist",
			);
			runOnlyForDeploymentPostprocessing = 0;
			shellPath = /bin/sh;
			shellScript = "\"${PODS_ROOT}/Target Support Files/Pods-ONDCReferenceBuyerApp-ONDCReferenceBuyerAppStaging/Pods-ONDCReferenceBuyerApp-ONDCReferenceBuyerAppStaging-frameworks.sh\"\n";
			showEnvVarsInLog = 0;
		};
		A647B08A3E27916676B1444A /* [CP] Check Pods Manifest.lock */ = {
			isa = PBXShellScriptBuildPhase;
			buildActionMask = 2147483647;
			files = (
			);
			inputFileListPaths = (
			);
			inputPaths = (
				"${PODS_PODFILE_DIR_PATH}/Podfile.lock",
				"${PODS_ROOT}/Manifest.lock",
			);
			name = "[CP] Check Pods Manifest.lock";
			outputFileListPaths = (
			);
			outputPaths = (
				"$(DERIVED_FILE_DIR)/Pods-ONDCReferenceBuyerApp-ONDCReferenceBuyerAppPreprod-checkManifestLockResult.txt",
			);
			runOnlyForDeploymentPostprocessing = 0;
			shellPath = /bin/sh;
			shellScript = "diff \"${PODS_PODFILE_DIR_PATH}/Podfile.lock\" \"${PODS_ROOT}/Manifest.lock\" > /dev/null\nif [ $? != 0 ] ; then\n    # print error to STDERR\n    echo \"error: The sandbox is not in sync with the Podfile.lock. Run 'pod install' or update your CocoaPods installation.\" >&2\n    exit 1\nfi\n# This output is used by Xcode 'outputs' to avoid re-running this script phase.\necho \"SUCCESS\" > \"${SCRIPT_OUTPUT_FILE_0}\"\n";
			showEnvVarsInLog = 0;
		};
		A7913D84CAF2004DACBD8251 /* [CP] Check Pods Manifest.lock */ = {
			isa = PBXShellScriptBuildPhase;
			buildActionMask = 2147483647;
			files = (
			);
			inputFileListPaths = (
			);
			inputPaths = (
				"${PODS_PODFILE_DIR_PATH}/Podfile.lock",
				"${PODS_ROOT}/Manifest.lock",
			);
			name = "[CP] Check Pods Manifest.lock";
			outputFileListPaths = (
			);
			outputPaths = (
				"$(DERIVED_FILE_DIR)/Pods-ONDCReferenceBuyerApp-ONDCReferenceBuyerAppStaging-checkManifestLockResult.txt",
			);
			runOnlyForDeploymentPostprocessing = 0;
			shellPath = /bin/sh;
			shellScript = "diff \"${PODS_PODFILE_DIR_PATH}/Podfile.lock\" \"${PODS_ROOT}/Manifest.lock\" > /dev/null\nif [ $? != 0 ] ; then\n    # print error to STDERR\n    echo \"error: The sandbox is not in sync with the Podfile.lock. Run 'pod install' or update your CocoaPods installation.\" >&2\n    exit 1\nfi\n# This output is used by Xcode 'outputs' to avoid re-running this script phase.\necho \"SUCCESS\" > \"${SCRIPT_OUTPUT_FILE_0}\"\n";
			showEnvVarsInLog = 0;
		};
		AD2C6B08A393F7D1EDE72734 /* [CP] Embed Pods Frameworks */ = {
			isa = PBXShellScriptBuildPhase;
			buildActionMask = 2147483647;
			files = (
			);
			inputFileListPaths = (
				"${PODS_ROOT}/Target Support Files/Pods-ONDCReferenceBuyerApp/Pods-ONDCReferenceBuyerApp-frameworks-${CONFIGURATION}-input-files.xcfilelist",
			);
			name = "[CP] Embed Pods Frameworks";
			outputFileListPaths = (
				"${PODS_ROOT}/Target Support Files/Pods-ONDCReferenceBuyerApp/Pods-ONDCReferenceBuyerApp-frameworks-${CONFIGURATION}-output-files.xcfilelist",
			);
			runOnlyForDeploymentPostprocessing = 0;
			shellPath = /bin/sh;
			shellScript = "\"${PODS_ROOT}/Target Support Files/Pods-ONDCReferenceBuyerApp/Pods-ONDCReferenceBuyerApp-frameworks.sh\"\n";
			showEnvVarsInLog = 0;
		};
		B424CF47206489305064AF98 /* [CP] Copy Pods Resources */ = {
			isa = PBXShellScriptBuildPhase;
			buildActionMask = 2147483647;
			files = (
			);
			inputFileListPaths = (
				"${PODS_ROOT}/Target Support Files/Pods-ONDCReferenceBuyerApp-ONDCReferenceBuyerAppStaging/Pods-ONDCReferenceBuyerApp-ONDCReferenceBuyerAppStaging-resources-${CONFIGURATION}-input-files.xcfilelist",
			);
			name = "[CP] Copy Pods Resources";
			outputFileListPaths = (
				"${PODS_ROOT}/Target Support Files/Pods-ONDCReferenceBuyerApp-ONDCReferenceBuyerAppStaging/Pods-ONDCReferenceBuyerApp-ONDCReferenceBuyerAppStaging-resources-${CONFIGURATION}-output-files.xcfilelist",
			);
			runOnlyForDeploymentPostprocessing = 0;
			shellPath = /bin/sh;
			shellScript = "\"${PODS_ROOT}/Target Support Files/Pods-ONDCReferenceBuyerApp-ONDCReferenceBuyerAppStaging/Pods-ONDCReferenceBuyerApp-ONDCReferenceBuyerAppStaging-resources.sh\"\n";
			showEnvVarsInLog = 0;
		};
		BE2F032939EAE1DA5D8239E0 /* [CP] Copy Pods Resources */ = {
			isa = PBXShellScriptBuildPhase;
			buildActionMask = 2147483647;
			files = (
			);
			inputFileListPaths = (
				"${PODS_ROOT}/Target Support Files/Pods-ONDCReferenceBuyerApp-ONDCReferenceBuyerAppTests/Pods-ONDCReferenceBuyerApp-ONDCReferenceBuyerAppTests-resources-${CONFIGURATION}-input-files.xcfilelist",
			);
			name = "[CP] Copy Pods Resources";
			outputFileListPaths = (
				"${PODS_ROOT}/Target Support Files/Pods-ONDCReferenceBuyerApp-ONDCReferenceBuyerAppTests/Pods-ONDCReferenceBuyerApp-ONDCReferenceBuyerAppTests-resources-${CONFIGURATION}-output-files.xcfilelist",
			);
			runOnlyForDeploymentPostprocessing = 0;
			shellPath = /bin/sh;
			shellScript = "\"${PODS_ROOT}/Target Support Files/Pods-ONDCReferenceBuyerApp-ONDCReferenceBuyerAppTests/Pods-ONDCReferenceBuyerApp-ONDCReferenceBuyerAppTests-resources.sh\"\n";
			showEnvVarsInLog = 0;
		};
		D2B0FA17C6A27CC2744E9204 /* [CP] Check Pods Manifest.lock */ = {
			isa = PBXShellScriptBuildPhase;
			buildActionMask = 2147483647;
			files = (
			);
			inputFileListPaths = (
			);
			inputPaths = (
				"${PODS_PODFILE_DIR_PATH}/Podfile.lock",
				"${PODS_ROOT}/Manifest.lock",
			);
			name = "[CP] Check Pods Manifest.lock";
			outputFileListPaths = (
			);
			outputPaths = (
				"$(DERIVED_FILE_DIR)/Pods-ONDCReferenceBuyerApp-checkManifestLockResult.txt",
			);
			runOnlyForDeploymentPostprocessing = 0;
			shellPath = /bin/sh;
			shellScript = "diff \"${PODS_PODFILE_DIR_PATH}/Podfile.lock\" \"${PODS_ROOT}/Manifest.lock\" > /dev/null\nif [ $? != 0 ] ; then\n    # print error to STDERR\n    echo \"error: The sandbox is not in sync with the Podfile.lock. Run 'pod install' or update your CocoaPods installation.\" >&2\n    exit 1\nfi\n# This output is used by Xcode 'outputs' to avoid re-running this script phase.\necho \"SUCCESS\" > \"${SCRIPT_OUTPUT_FILE_0}\"\n";
			showEnvVarsInLog = 0;
		};
		F61323E40A47EFF7557139ED /* [CP] Embed Pods Frameworks */ = {
			isa = PBXShellScriptBuildPhase;
			buildActionMask = 2147483647;
			files = (
			);
			inputFileListPaths = (
				"${PODS_ROOT}/Target Support Files/Pods-ONDCReferenceBuyerApp-ONDCReferenceBuyerAppPreprod/Pods-ONDCReferenceBuyerApp-ONDCReferenceBuyerAppPreprod-frameworks-${CONFIGURATION}-input-files.xcfilelist",
			);
			name = "[CP] Embed Pods Frameworks";
			outputFileListPaths = (
				"${PODS_ROOT}/Target Support Files/Pods-ONDCReferenceBuyerApp-ONDCReferenceBuyerAppPreprod/Pods-ONDCReferenceBuyerApp-ONDCReferenceBuyerAppPreprod-frameworks-${CONFIGURATION}-output-files.xcfilelist",
			);
			runOnlyForDeploymentPostprocessing = 0;
			shellPath = /bin/sh;
			shellScript = "\"${PODS_ROOT}/Target Support Files/Pods-ONDCReferenceBuyerApp-ONDCReferenceBuyerAppPreprod/Pods-ONDCReferenceBuyerApp-ONDCReferenceBuyerAppPreprod-frameworks.sh\"\n";
			showEnvVarsInLog = 0;
		};
		FD10A7F022414F080027D42C /* Start Packager */ = {
			isa = PBXShellScriptBuildPhase;
			buildActionMask = 2147483647;
			files = (
			);
			inputFileListPaths = (
			);
			inputPaths = (
			);
			name = "Start Packager";
			outputFileListPaths = (
			);
			outputPaths = (
			);
			runOnlyForDeploymentPostprocessing = 0;
			shellPath = /bin/sh;
			shellScript = "export RCT_METRO_PORT=\"${RCT_METRO_PORT:=8081}\"\necho \"export RCT_METRO_PORT=${RCT_METRO_PORT}\" > \"${SRCROOT}/../node_modules/react-native/scripts/.packager.env\"\nif [ -z \"${RCT_NO_LAUNCH_PACKAGER+xxx}\" ] ; then\n  if nc -w 5 -z localhost ${RCT_METRO_PORT} ; then\n    if ! curl -s \"http://localhost:${RCT_METRO_PORT}/status\" | grep -q \"packager-status:running\" ; then\n      echo \"Port ${RCT_METRO_PORT} already in use, packager is either not running or not running correctly\"\n      exit 2\n    fi\n  else\n    open \"$SRCROOT/../node_modules/react-native/scripts/launchPackager.command\" || echo \"Can't start packager automatically\"\n  fi\nfi\n";
			showEnvVarsInLog = 0;
		};
/* End PBXShellScriptBuildPhase section */

/* Begin PBXSourcesBuildPhase section */
		00E356EA1AD99517003FC87E /* Sources */ = {
			isa = PBXSourcesBuildPhase;
			buildActionMask = 2147483647;
			files = (
				00E356F31AD99517003FC87E /* ONDCReferenceBuyerAppTests.m in Sources */,
			);
			runOnlyForDeploymentPostprocessing = 0;
		};
		13B07F871A680F5B00A75B9A /* Sources */ = {
			isa = PBXSourcesBuildPhase;
			buildActionMask = 2147483647;
			files = (
				13B07FBC1A68108700A75B9A /* AppDelegate.mm in Sources */,
				13B07FC11A68108700A75B9A /* main.m in Sources */,
			);
			runOnlyForDeploymentPostprocessing = 0;
		};
		8C914A8C2C443D1400D1CD1D /* Sources */ = {
			isa = PBXSourcesBuildPhase;
			buildActionMask = 2147483647;
			files = (
				8C914A8D2C443D1400D1CD1D /* AppDelegate.mm in Sources */,
				8C914A8E2C443D1400D1CD1D /* main.m in Sources */,
			);
			runOnlyForDeploymentPostprocessing = 0;
		};
		8C914AA52C443D3700D1CD1D /* Sources */ = {
			isa = PBXSourcesBuildPhase;
			buildActionMask = 2147483647;
			files = (
				8C914AA62C443D3700D1CD1D /* AppDelegate.mm in Sources */,
				8C914AA72C443D3700D1CD1D /* main.m in Sources */,
			);
			runOnlyForDeploymentPostprocessing = 0;
		};
		8C914ABE2C443D3F00D1CD1D /* Sources */ = {
			isa = PBXSourcesBuildPhase;
			buildActionMask = 2147483647;
			files = (
				8C914ABF2C443D3F00D1CD1D /* AppDelegate.mm in Sources */,
				8C914AC02C443D3F00D1CD1D /* main.m in Sources */,
			);
			runOnlyForDeploymentPostprocessing = 0;
		};
/* End PBXSourcesBuildPhase section */

/* Begin PBXTargetDependency section */
		00E356F51AD99517003FC87E /* PBXTargetDependency */ = {
			isa = PBXTargetDependency;
			target = 13B07F861A680F5B00A75B9A /* ONDCReferenceBuyerApp */;
			targetProxy = 00E356F41AD99517003FC87E /* PBXContainerItemProxy */;
		};
/* End PBXTargetDependency section */

/* Begin XCBuildConfiguration section */
		00E356F61AD99517003FC87E /* Debug */ = {
			isa = XCBuildConfiguration;
			baseConfigurationReference = 6DDEF73F124F388511FA8AF7 /* Pods-ONDCReferenceBuyerApp-ONDCReferenceBuyerAppTests.debug.xcconfig */;
			buildSettings = {
				BUNDLE_LOADER = "$(TEST_HOST)";
				GCC_PREPROCESSOR_DEFINITIONS = (
					"DEBUG=1",
					"$(inherited)",
				);
				INFOPLIST_FILE = ONDCReferenceBuyerAppTests/Info.plist;
				IPHONEOS_DEPLOYMENT_TARGET = 12.4;
				LD_RUNPATH_SEARCH_PATHS = (
					"$(inherited)",
					"@executable_path/Frameworks",
					"@loader_path/Frameworks",
				);
				OTHER_LDFLAGS = (
					"-ObjC",
					"-lc++",
					"$(inherited)",
				);
				PRODUCT_BUNDLE_IDENTIFIER = org.ondc.buyer;
				PRODUCT_NAME = "$(TARGET_NAME)";
				TEST_HOST = "$(BUILT_PRODUCTS_DIR)/ONDCReferenceBuyerApp.app/ONDCReferenceBuyerApp";
			};
			name = Debug;
		};
		00E356F71AD99517003FC87E /* Release */ = {
			isa = XCBuildConfiguration;
			baseConfigurationReference = 3BA9F8A774D59952CCF969E1 /* Pods-ONDCReferenceBuyerApp-ONDCReferenceBuyerAppTests.release.xcconfig */;
			buildSettings = {
				BUNDLE_LOADER = "$(TEST_HOST)";
				COPY_PHASE_STRIP = NO;
				INFOPLIST_FILE = ONDCReferenceBuyerAppTests/Info.plist;
				IPHONEOS_DEPLOYMENT_TARGET = 12.4;
				LD_RUNPATH_SEARCH_PATHS = (
					"$(inherited)",
					"@executable_path/Frameworks",
					"@loader_path/Frameworks",
				);
				OTHER_LDFLAGS = (
					"-ObjC",
					"-lc++",
					"$(inherited)",
				);
				PRODUCT_BUNDLE_IDENTIFIER = org.ondc.buyer;
				PRODUCT_NAME = "$(TARGET_NAME)";
				TEST_HOST = "$(BUILT_PRODUCTS_DIR)/ONDCReferenceBuyerApp.app/ONDCReferenceBuyerApp";
			};
			name = Release;
		};
		13B07F941A680F5B00A75B9A /* Debug */ = {
			isa = XCBuildConfiguration;
			baseConfigurationReference = E0EFC5572CCBC77172308880 /* Pods-ONDCReferenceBuyerApp.debug.xcconfig */;
			buildSettings = {
				ASSETCATALOG_COMPILER_APPICON_NAME = AppIcon;
				CLANG_ENABLE_MODULES = YES;
				CODE_SIGN_ENTITLEMENTS = ONDCReferenceBuyerApp/ONDCReferenceBuyerApp.entitlements;
				CURRENT_PROJECT_VERSION = 1;
				DEVELOPMENT_TEAM = 8N949QF9JX;
				ENABLE_BITCODE = NO;
				"EXCLUDED_ARCHS[sdk=iphonesimulator*]" = arm64;
				INFOPLIST_FILE = ONDCReferenceBuyerApp/Info.plist;
				INFOPLIST_KEY_CFBundleDisplayName = "ONDC Saarthi";
				IPHONEOS_DEPLOYMENT_TARGET = 14.0;
				LD_RUNPATH_SEARCH_PATHS = (
					"$(inherited)",
					"@executable_path/Frameworks",
				);
				MARKETING_VERSION = 1.0.8;
				OTHER_LDFLAGS = (
					"$(inherited)",
					"-ObjC",
					"-lc++",
				);
				PRODUCT_BUNDLE_IDENTIFIER = org.ondc.buyer;
				PRODUCT_NAME = ONDCReferenceBuyerApp;
				SWIFT_OPTIMIZATION_LEVEL = "-Onone";
				SWIFT_VERSION = 5.0;
				VERSIONING_SYSTEM = "apple-generic";
			};
			name = Debug;
		};
		13B07F951A680F5B00A75B9A /* Release */ = {
			isa = XCBuildConfiguration;
			baseConfigurationReference = CD8296B8229636B61965B378 /* Pods-ONDCReferenceBuyerApp.release.xcconfig */;
			buildSettings = {
				ASSETCATALOG_COMPILER_APPICON_NAME = AppIcon;
				CLANG_ENABLE_MODULES = YES;
				CODE_SIGN_ENTITLEMENTS = ONDCReferenceBuyerApp/ONDCReferenceBuyerApp.entitlements;
				CURRENT_PROJECT_VERSION = 1;
				DEVELOPMENT_TEAM = 8N949QF9JX;
				"EXCLUDED_ARCHS[sdk=iphonesimulator*]" = arm64;
				INFOPLIST_FILE = ONDCReferenceBuyerApp/Info.plist;
				INFOPLIST_KEY_CFBundleDisplayName = "ONDC Saarthi";
				IPHONEOS_DEPLOYMENT_TARGET = 14.0;
				LD_RUNPATH_SEARCH_PATHS = (
					"$(inherited)",
					"@executable_path/Frameworks",
				);
				MARKETING_VERSION = 1.0.8;
				OTHER_LDFLAGS = (
					"$(inherited)",
					"-ObjC",
					"-lc++",
				);
				PRODUCT_BUNDLE_IDENTIFIER = org.ondc.buyer;
				PRODUCT_NAME = ONDCReferenceBuyerApp;
				SWIFT_VERSION = 5.0;
				VERSIONING_SYSTEM = "apple-generic";
			};
			name = Release;
		};
		83CBBA201A601CBA00E9B192 /* Debug */ = {
			isa = XCBuildConfiguration;
			buildSettings = {
				ALWAYS_SEARCH_USER_PATHS = NO;
				CLANG_ANALYZER_LOCALIZABILITY_NONLOCALIZED = YES;
				CLANG_CXX_LANGUAGE_STANDARD = "c++17";
				CLANG_CXX_LIBRARY = "libc++";
				CLANG_ENABLE_MODULES = YES;
				CLANG_ENABLE_OBJC_ARC = YES;
				CLANG_WARN_BLOCK_CAPTURE_AUTORELEASING = YES;
				CLANG_WARN_BOOL_CONVERSION = YES;
				CLANG_WARN_COMMA = YES;
				CLANG_WARN_CONSTANT_CONVERSION = YES;
				CLANG_WARN_DEPRECATED_OBJC_IMPLEMENTATIONS = YES;
				CLANG_WARN_DIRECT_OBJC_ISA_USAGE = YES_ERROR;
				CLANG_WARN_EMPTY_BODY = YES;
				CLANG_WARN_ENUM_CONVERSION = YES;
				CLANG_WARN_INFINITE_RECURSION = YES;
				CLANG_WARN_INT_CONVERSION = YES;
				CLANG_WARN_NON_LITERAL_NULL_CONVERSION = YES;
				CLANG_WARN_OBJC_IMPLICIT_RETAIN_SELF = YES;
				CLANG_WARN_OBJC_LITERAL_CONVERSION = YES;
				CLANG_WARN_OBJC_ROOT_CLASS = YES_ERROR;
				CLANG_WARN_QUOTED_INCLUDE_IN_FRAMEWORK_HEADER = YES;
				CLANG_WARN_RANGE_LOOP_ANALYSIS = YES;
				CLANG_WARN_STRICT_PROTOTYPES = YES;
				CLANG_WARN_SUSPICIOUS_MOVE = YES;
				CLANG_WARN_UNREACHABLE_CODE = YES;
				CLANG_WARN__DUPLICATE_METHOD_MATCH = YES;
				"CODE_SIGN_IDENTITY[sdk=iphoneos*]" = "iPhone Developer";
				COPY_PHASE_STRIP = NO;
				ENABLE_STRICT_OBJC_MSGSEND = YES;
				ENABLE_TESTABILITY = YES;
				"EXCLUDED_ARCHS[sdk=iphonesimulator*]" = "";
				GCC_C_LANGUAGE_STANDARD = gnu99;
				GCC_DYNAMIC_NO_PIC = NO;
				GCC_NO_COMMON_BLOCKS = YES;
				GCC_OPTIMIZATION_LEVEL = 0;
				GCC_PREPROCESSOR_DEFINITIONS = (
					"DEBUG=1",
					"$(inherited)",
					_LIBCPP_ENABLE_CXX17_REMOVED_UNARY_BINARY_FUNCTION,
				);
				GCC_SYMBOLS_PRIVATE_EXTERN = NO;
				GCC_WARN_64_TO_32_BIT_CONVERSION = YES;
				GCC_WARN_ABOUT_RETURN_TYPE = YES_ERROR;
				GCC_WARN_UNDECLARED_SELECTOR = YES;
				GCC_WARN_UNINITIALIZED_AUTOS = YES_AGGRESSIVE;
				GCC_WARN_UNUSED_FUNCTION = YES;
				GCC_WARN_UNUSED_VARIABLE = YES;
				IPHONEOS_DEPLOYMENT_TARGET = 12.4;
				LD_RUNPATH_SEARCH_PATHS = (
					/usr/lib/swift,
					"$(inherited)",
				);
				LIBRARY_SEARCH_PATHS = (
					"\"$(SDKROOT)/usr/lib/swift\"",
					"\"$(TOOLCHAIN_DIR)/usr/lib/swift/$(PLATFORM_NAME)\"",
					"\"$(inherited)\"",
				);
				MTL_ENABLE_DEBUG_INFO = YES;
				ONLY_ACTIVE_ARCH = YES;
				OTHER_CFLAGS = "$(inherited)";
				OTHER_CPLUSPLUSFLAGS = (
					"$(OTHER_CFLAGS)",
					"-DFOLLY_NO_CONFIG",
					"-DFOLLY_MOBILE=1",
					"-DFOLLY_USE_LIBCPP=1",
				);
				OTHER_LDFLAGS = "$(inherited)";
				REACT_NATIVE_PATH = "${PODS_ROOT}/../../node_modules/react-native";
				SDKROOT = iphoneos;
			};
			name = Debug;
		};
		83CBBA211A601CBA00E9B192 /* Release */ = {
			isa = XCBuildConfiguration;
			buildSettings = {
				ALWAYS_SEARCH_USER_PATHS = NO;
				CLANG_ANALYZER_LOCALIZABILITY_NONLOCALIZED = YES;
				CLANG_CXX_LANGUAGE_STANDARD = "c++17";
				CLANG_CXX_LIBRARY = "libc++";
				CLANG_ENABLE_MODULES = YES;
				CLANG_ENABLE_OBJC_ARC = YES;
				CLANG_WARN_BLOCK_CAPTURE_AUTORELEASING = YES;
				CLANG_WARN_BOOL_CONVERSION = YES;
				CLANG_WARN_COMMA = YES;
				CLANG_WARN_CONSTANT_CONVERSION = YES;
				CLANG_WARN_DEPRECATED_OBJC_IMPLEMENTATIONS = YES;
				CLANG_WARN_DIRECT_OBJC_ISA_USAGE = YES_ERROR;
				CLANG_WARN_EMPTY_BODY = YES;
				CLANG_WARN_ENUM_CONVERSION = YES;
				CLANG_WARN_INFINITE_RECURSION = YES;
				CLANG_WARN_INT_CONVERSION = YES;
				CLANG_WARN_NON_LITERAL_NULL_CONVERSION = YES;
				CLANG_WARN_OBJC_IMPLICIT_RETAIN_SELF = YES;
				CLANG_WARN_OBJC_LITERAL_CONVERSION = YES;
				CLANG_WARN_OBJC_ROOT_CLASS = YES_ERROR;
				CLANG_WARN_QUOTED_INCLUDE_IN_FRAMEWORK_HEADER = YES;
				CLANG_WARN_RANGE_LOOP_ANALYSIS = YES;
				CLANG_WARN_STRICT_PROTOTYPES = YES;
				CLANG_WARN_SUSPICIOUS_MOVE = YES;
				CLANG_WARN_UNREACHABLE_CODE = YES;
				CLANG_WARN__DUPLICATE_METHOD_MATCH = YES;
				"CODE_SIGN_IDENTITY[sdk=iphoneos*]" = "iPhone Developer";
				COPY_PHASE_STRIP = YES;
				ENABLE_NS_ASSERTIONS = NO;
				ENABLE_STRICT_OBJC_MSGSEND = YES;
				"EXCLUDED_ARCHS[sdk=iphonesimulator*]" = "";
				GCC_C_LANGUAGE_STANDARD = gnu99;
				GCC_NO_COMMON_BLOCKS = YES;
				GCC_PREPROCESSOR_DEFINITIONS = (
					"$(inherited)",
					_LIBCPP_ENABLE_CXX17_REMOVED_UNARY_BINARY_FUNCTION,
				);
				GCC_WARN_64_TO_32_BIT_CONVERSION = YES;
				GCC_WARN_ABOUT_RETURN_TYPE = YES_ERROR;
				GCC_WARN_UNDECLARED_SELECTOR = YES;
				GCC_WARN_UNINITIALIZED_AUTOS = YES_AGGRESSIVE;
				GCC_WARN_UNUSED_FUNCTION = YES;
				GCC_WARN_UNUSED_VARIABLE = YES;
				IPHONEOS_DEPLOYMENT_TARGET = 12.4;
				LD_RUNPATH_SEARCH_PATHS = (
					/usr/lib/swift,
					"$(inherited)",
				);
				LIBRARY_SEARCH_PATHS = (
					"\"$(SDKROOT)/usr/lib/swift\"",
					"\"$(TOOLCHAIN_DIR)/usr/lib/swift/$(PLATFORM_NAME)\"",
					"\"$(inherited)\"",
				);
				MTL_ENABLE_DEBUG_INFO = NO;
				OTHER_CFLAGS = "$(inherited)";
				OTHER_CPLUSPLUSFLAGS = (
					"$(OTHER_CFLAGS)",
					"-DFOLLY_NO_CONFIG",
					"-DFOLLY_MOBILE=1",
					"-DFOLLY_USE_LIBCPP=1",
				);
				OTHER_LDFLAGS = "$(inherited)";
				REACT_NATIVE_PATH = "${PODS_ROOT}/../../node_modules/react-native";
				SDKROOT = iphoneos;
				VALIDATE_PRODUCT = YES;
			};
			name = Release;
		};
		8C914A9E2C443D1400D1CD1D /* Debug */ = {
			isa = XCBuildConfiguration;
			baseConfigurationReference = 718506D6C1C09DDF36D32F48 /* Pods-ONDCReferenceBuyerApp-ONDCReferenceBuyerAppDevelopment.debug.xcconfig */;
			buildSettings = {
				ASSETCATALOG_COMPILER_APPICON_NAME = AppIcon;
				CLANG_ENABLE_MODULES = YES;
				CURRENT_PROJECT_VERSION = 1;
				DEVELOPMENT_TEAM = 8N949QF9JX;
				ENABLE_BITCODE = NO;
				"EXCLUDED_ARCHS[sdk=iphonesimulator*]" = arm64;
				INFOPLIST_FILE = "ONDCReferenceBuyerAppDevelopment-Info.plist";
				INFOPLIST_KEY_CFBundleDisplayName = "Dev Saarthi";
				LD_RUNPATH_SEARCH_PATHS = (
					"$(inherited)",
					"@executable_path/Frameworks",
				);
				MARKETING_VERSION = 1.0;
				OTHER_LDFLAGS = (
					"$(inherited)",
					"-ObjC",
					"-lc++",
				);
				PRODUCT_BUNDLE_IDENTIFIER = org.ondc.buyer.dev;
				PRODUCT_NAME = "$(TARGET_NAME)";
				SWIFT_OPTIMIZATION_LEVEL = "-Onone";
				SWIFT_VERSION = 5.0;
				VERSIONING_SYSTEM = "apple-generic";
			};
			name = Debug;
		};
		8C914A9F2C443D1400D1CD1D /* Release */ = {
			isa = XCBuildConfiguration;
			baseConfigurationReference = DD4A1D37DB7CE9334223E173 /* Pods-ONDCReferenceBuyerApp-ONDCReferenceBuyerAppDevelopment.release.xcconfig */;
			buildSettings = {
				ASSETCATALOG_COMPILER_APPICON_NAME = AppIcon;
				CLANG_ENABLE_MODULES = YES;
				CURRENT_PROJECT_VERSION = 1;
				DEVELOPMENT_TEAM = 8N949QF9JX;
				"EXCLUDED_ARCHS[sdk=iphonesimulator*]" = arm64;
				INFOPLIST_FILE = "ONDCReferenceBuyerAppDevelopment-Info.plist";
				INFOPLIST_KEY_CFBundleDisplayName = "Dev Saarthi";
				LD_RUNPATH_SEARCH_PATHS = (
					"$(inherited)",
					"@executable_path/Frameworks",
				);
				MARKETING_VERSION = 1.0;
				OTHER_LDFLAGS = (
					"$(inherited)",
					"-ObjC",
					"-lc++",
				);
				PRODUCT_BUNDLE_IDENTIFIER = org.ondc.buyer.dev;
				PRODUCT_NAME = "$(TARGET_NAME)";
				SWIFT_VERSION = 5.0;
				VERSIONING_SYSTEM = "apple-generic";
			};
			name = Release;
		};
		8C914AB72C443D3700D1CD1D /* Debug */ = {
			isa = XCBuildConfiguration;
			baseConfigurationReference = 321314CF76FB6EF8D54A42D0 /* Pods-ONDCReferenceBuyerApp-ONDCReferenceBuyerAppStaging.debug.xcconfig */;
			buildSettings = {
				ASSETCATALOG_COMPILER_APPICON_NAME = AppIcon;
				CLANG_ENABLE_MODULES = YES;
				CURRENT_PROJECT_VERSION = 1;
				DEVELOPMENT_TEAM = 8N949QF9JX;
				ENABLE_BITCODE = NO;
				"EXCLUDED_ARCHS[sdk=iphonesimulator*]" = arm64;
				INFOPLIST_FILE = "ONDCReferenceBuyerAppStaging-Info.plist";
				INFOPLIST_KEY_CFBundleDisplayName = "Staging Saarthi";
				LD_RUNPATH_SEARCH_PATHS = (
					"$(inherited)",
					"@executable_path/Frameworks",
				);
				MARKETING_VERSION = 1.0;
				OTHER_LDFLAGS = (
					"$(inherited)",
					"-ObjC",
					"-lc++",
				);
				PRODUCT_BUNDLE_IDENTIFIER = org.ondc.buyer.staging;
				PRODUCT_NAME = "$(TARGET_NAME)";
				SWIFT_OPTIMIZATION_LEVEL = "-Onone";
				SWIFT_VERSION = 5.0;
				VERSIONING_SYSTEM = "apple-generic";
			};
			name = Debug;
		};
		8C914AB82C443D3700D1CD1D /* Release */ = {
			isa = XCBuildConfiguration;
			baseConfigurationReference = 1878766E7FC69FC444B04F42 /* Pods-ONDCReferenceBuyerApp-ONDCReferenceBuyerAppStaging.release.xcconfig */;
			buildSettings = {
				ASSETCATALOG_COMPILER_APPICON_NAME = AppIcon;
				CLANG_ENABLE_MODULES = YES;
				CURRENT_PROJECT_VERSION = 1;
				DEVELOPMENT_TEAM = 8N949QF9JX;
				"EXCLUDED_ARCHS[sdk=iphonesimulator*]" = arm64;
				INFOPLIST_FILE = "ONDCReferenceBuyerAppStaging-Info.plist";
				INFOPLIST_KEY_CFBundleDisplayName = "Staging Saarthi";
				LD_RUNPATH_SEARCH_PATHS = (
					"$(inherited)",
					"@executable_path/Frameworks",
				);
				MARKETING_VERSION = 1.0;
				OTHER_LDFLAGS = (
					"$(inherited)",
					"-ObjC",
					"-lc++",
				);
				PRODUCT_BUNDLE_IDENTIFIER = org.ondc.buyer.staging;
				PRODUCT_NAME = "$(TARGET_NAME)";
				SWIFT_VERSION = 5.0;
				VERSIONING_SYSTEM = "apple-generic";
			};
			name = Release;
		};
		8C914AD02C443D3F00D1CD1D /* Debug */ = {
			isa = XCBuildConfiguration;
			baseConfigurationReference = 6EF55DC9AAB79F1CE44375B6 /* Pods-ONDCReferenceBuyerApp-ONDCReferenceBuyerAppPreprod.debug.xcconfig */;
			buildSettings = {
				ASSETCATALOG_COMPILER_APPICON_NAME = AppIcon;
				CLANG_ENABLE_MODULES = YES;
				CURRENT_PROJECT_VERSION = 1;
				DEVELOPMENT_TEAM = 8N949QF9JX;
				ENABLE_BITCODE = NO;
				"EXCLUDED_ARCHS[sdk=iphonesimulator*]" = arm64;
				INFOPLIST_FILE = "ONDCReferenceBuyerAppPreprod-Info.plist";
				INFOPLIST_KEY_CFBundleDisplayName = "Preprod Saarthi";
				LD_RUNPATH_SEARCH_PATHS = (
					"$(inherited)",
					"@executable_path/Frameworks",
				);
				MARKETING_VERSION = 1.0;
				OTHER_LDFLAGS = (
					"$(inherited)",
					"-ObjC",
					"-lc++",
				);
				PRODUCT_BUNDLE_IDENTIFIER = org.ondc.buyer.preprod;
				PRODUCT_NAME = "$(TARGET_NAME)";
				SWIFT_OPTIMIZATION_LEVEL = "-Onone";
				SWIFT_VERSION = 5.0;
				VERSIONING_SYSTEM = "apple-generic";
			};
			name = Debug;
		};
		8C914AD12C443D3F00D1CD1D /* Release */ = {
			isa = XCBuildConfiguration;
			baseConfigurationReference = 38172BB61A41132DED6AFB00 /* Pods-ONDCReferenceBuyerApp-ONDCReferenceBuyerAppPreprod.release.xcconfig */;
			buildSettings = {
				ASSETCATALOG_COMPILER_APPICON_NAME = AppIcon;
				CLANG_ENABLE_MODULES = YES;
				CURRENT_PROJECT_VERSION = 1;
				DEVELOPMENT_TEAM = 8N949QF9JX;
				"EXCLUDED_ARCHS[sdk=iphonesimulator*]" = arm64;
				INFOPLIST_FILE = "ONDCReferenceBuyerAppPreprod-Info.plist";
				INFOPLIST_KEY_CFBundleDisplayName = "Preprod Saarthi";
				LD_RUNPATH_SEARCH_PATHS = (
					"$(inherited)",
					"@executable_path/Frameworks",
				);
				MARKETING_VERSION = 1.0;
				OTHER_LDFLAGS = (
					"$(inherited)",
					"-ObjC",
					"-lc++",
				);
				PRODUCT_BUNDLE_IDENTIFIER = org.ondc.buyer.preprod;
				PRODUCT_NAME = "$(TARGET_NAME)";
				SWIFT_VERSION = 5.0;
				VERSIONING_SYSTEM = "apple-generic";
			};
			name = Release;
		};
/* End XCBuildConfiguration section */

/* Begin XCConfigurationList section */
		00E357021AD99517003FC87E /* Build configuration list for PBXNativeTarget "ONDCReferenceBuyerAppTests" */ = {
			isa = XCConfigurationList;
			buildConfigurations = (
				00E356F61AD99517003FC87E /* Debug */,
				00E356F71AD99517003FC87E /* Release */,
			);
			defaultConfigurationIsVisible = 0;
			defaultConfigurationName = Release;
		};
		13B07F931A680F5B00A75B9A /* Build configuration list for PBXNativeTarget "ONDCReferenceBuyerApp" */ = {
			isa = XCConfigurationList;
			buildConfigurations = (
				13B07F941A680F5B00A75B9A /* Debug */,
				13B07F951A680F5B00A75B9A /* Release */,
			);
			defaultConfigurationIsVisible = 0;
			defaultConfigurationName = Release;
		};
		83CBB9FA1A601CBA00E9B192 /* Build configuration list for PBXProject "ONDCReferenceBuyerApp" */ = {
			isa = XCConfigurationList;
			buildConfigurations = (
				83CBBA201A601CBA00E9B192 /* Debug */,
				83CBBA211A601CBA00E9B192 /* Release */,
			);
			defaultConfigurationIsVisible = 0;
			defaultConfigurationName = Release;
		};
		8C914A9D2C443D1400D1CD1D /* Build configuration list for PBXNativeTarget "ONDCReferenceBuyerAppDevelopment" */ = {
			isa = XCConfigurationList;
			buildConfigurations = (
				8C914A9E2C443D1400D1CD1D /* Debug */,
				8C914A9F2C443D1400D1CD1D /* Release */,
			);
			defaultConfigurationIsVisible = 0;
			defaultConfigurationName = Release;
		};
		8C914AB62C443D3700D1CD1D /* Build configuration list for PBXNativeTarget "ONDCReferenceBuyerAppStaging" */ = {
			isa = XCConfigurationList;
			buildConfigurations = (
				8C914AB72C443D3700D1CD1D /* Debug */,
				8C914AB82C443D3700D1CD1D /* Release */,
			);
			defaultConfigurationIsVisible = 0;
			defaultConfigurationName = Release;
		};
		8C914ACF2C443D3F00D1CD1D /* Build configuration list for PBXNativeTarget "ONDCReferenceBuyerAppPreprod" */ = {
			isa = XCConfigurationList;
			buildConfigurations = (
				8C914AD02C443D3F00D1CD1D /* Debug */,
				8C914AD12C443D3F00D1CD1D /* Release */,
			);
			defaultConfigurationIsVisible = 0;
			defaultConfigurationName = Release;
		};
/* End XCConfigurationList section */
	};
	rootObject = 83CBB9F71A601CBA00E9B192 /* Project object */;
}
